{
  "version": 4,
  "terraform_version": "1.15.1",
  "serial": 60,
  "lineage": "9fb2821f-9588-02f3-e335-f6f0111689d8",
  "outputs": {
    "repository_arn": {
      "value": "arn:aws:ecr:us-east-1:622623004059:repository/funfarm_repo",
      "type": "string"
    },
    "repository_name": {
      "value": "funfarm_repo",
      "type": "string"
    },
    "user_access_secret": {
      "value": "dPnSDQipUdYtD0vE=John, zs10LtW1rQGq1MwG=Oleh",
      "type": "string",
      "sensitive": true
    },
    "website_url": {
      "value": "http://app-alb-146258734.us-east-1.elb.amazonaws.com",
      "type": "string"
    }
  },
  "resources": [
    {
      "module": "module.compute",
      "mode": "data",
      "type": "aws_iam_policy_document",
      "name": "ecs_policy_data",
      "provider": "provider[\"registry.terraform.io/hashicorp/aws\"]",
      "instances": [
        {
          "schema_version": 0,
          "attributes": {
            "id": "814157531",
            "json": "{\n  \"Version\": \"2012-10-17\",\n  \"Statement\": [\n    {\n      \"Effect\": \"Allow\",\n      \"Action\": [\n        \"ecs:RegisterTaskDefinition\",\n        \"ecs:DescribeTaskDefinition\"\n      ],\n      \"Resource\": \"*\"\n    },\n    {\n      \"Effect\": \"Allow\",\n      \"Action\": [\n        \"ecs:UpdateService\",\n        \"ecs:DescribeServices\"\n      ],\n      \"Resource\": \"arn:aws:ecs:us-east-1:622623004059:service/funfarm-fargate-cluster/funfarm-app-service\"\n    },\n    {\n      \"Effect\": \"Allow\",\n      \"Action\": \"iam:PassRole\",\n      \"Resource\": \"arn:aws:iam::622623004059:role/ecs_execution_role\"\n    }\n  ]\n}",
            "minified_json": "{\"Version\":\"2012-10-17\",\"Statement\":[{\"Effect\":\"Allow\",\"Action\":[\"ecs:RegisterTaskDefinition\",\"ecs:DescribeTaskDefinition\"],\"Resource\":\"*\"},{\"Effect\":\"Allow\",\"Action\":[\"ecs:UpdateService\",\"ecs:DescribeServices\"],\"Resource\":\"arn:aws:ecs:us-east-1:622623004059:service/funfarm-fargate-cluster/funfarm-app-service\"},{\"Effect\":\"Allow\",\"Action\":\"iam:PassRole\",\"Resource\":\"arn:aws:iam::622623004059:role/ecs_execution_role\"}]}",
            "override_json": null,
            "override_policy_documents": null,
            "policy_id": null,
            "source_json": null,
            "source_policy_documents": null,
            "statement": [
              {
                "actions": [
                  "ecs:DescribeTaskDefinition",
                  "ecs:RegisterTaskDefinition"
                ],
                "condition": [],
                "effect": "Allow",
                "not_actions": [],
                "not_principals": [],
                "not_resources": [],
                "principals": [],
                "resources": [
                  "*"
                ],
                "sid": ""
              },
              {
                "actions": [
                  "ecs:DescribeServices",
                  "ecs:UpdateService"
                ],
                "condition": [],
                "effect": "Allow",
                "not_actions": [],
                "not_principals": [],
                "not_resources": [],
                "principals": [],
                "resources": [
                  "arn:aws:ecs:us-east-1:622623004059:service/funfarm-fargate-cluster/funfarm-app-service"
                ],
                "sid": ""
              },
              {
                "actions": [
                  "iam:PassRole"
                ],
                "condition": [],
                "effect": "Allow",
                "not_actions": [],
                "not_principals": [],
                "not_resources": [],
                "principals": [],
                "resources": [
                  "arn:aws:iam::622623004059:role/ecs_execution_role"
                ],
                "sid": ""
              }
            ],
            "version": "2012-10-17"
          },
          "sensitive_attributes": [],
          "identity_schema_version": 0
        }
      ]
    },
    {
      "module": "module.compute",
      "mode": "managed",
      "type": "aws_cloudwatch_log_group",
      "name": "ecs_logs",
      "provider": "provider[\"registry.terraform.io/hashicorp/aws\"]",
      "instances": [
        {
          "schema_version": 0,
          "attributes": {
            "arn": "arn:aws:logs:us-east-1:622623004059:log-group:funfarm-ecs",
            "deletion_protection_enabled": false,
            "id": "funfarm-ecs",
            "kms_key_id": "",
            "log_group_class": "STANDARD",
            "name": "funfarm-ecs",
            "name_prefix": "",
            "region": "us-east-1",
            "retention_in_days": 0,
            "skip_destroy": false,
            "tags": null,
            "tags_all": {}
          },
          "sensitive_attributes": [],
          "identity_schema_version": 0,
          "identity": {
            "account_id": "622623004059",
            "name": "funfarm-ecs",
            "region": "us-east-1"
          },
          "private": "bnVsbA=="
        }
      ]
    },
    {
      "module": "module.compute",
      "mode": "managed",
      "type": "aws_ecr_repository",
      "name": "app_repo",
      "provider": "provider[\"registry.terraform.io/hashicorp/aws\"]",
      "instances": [
        {
          "schema_version": 0,
          "attributes": {
            "arn": "arn:aws:ecr:us-east-1:622623004059:repository/funfarm_repo",
            "encryption_configuration": [
              {
                "encryption_type": "AES256",
                "kms_key": ""
              }
            ],
            "force_delete": null,
            "id": "funfarm_repo",
            "image_scanning_configuration": [
              {
                "scan_on_push": false
              }
            ],
            "image_tag_mutability": "MUTABLE",
            "image_tag_mutability_exclusion_filter": [],
            "name": "funfarm_repo",
            "region": "us-east-1",
            "registry_id": "622623004059",
            "repository_url": "622623004059.dkr.ecr.us-east-1.amazonaws.com/funfarm_repo",
            "tags": null,
            "tags_all": {},
            "timeouts": null
          },
          "sensitive_attributes": [],
          "identity_schema_version": 0,
          "identity": {
            "account_id": "622623004059",
            "name": "funfarm_repo",
            "region": "us-east-1"
          },
          "private": "eyJlMmJmYjczMC1lY2FhLTExZTYtOGY4OC0zNDM2M2JjN2M0YzAiOnsiZGVsZXRlIjoxMjAwMDAwMDAwMDAwfX0="
        }
      ]
    },
    {
      "module": "module.compute",
      "mode": "managed",
      "type": "aws_ecs_cluster",
      "name": "main",
      "provider": "provider[\"registry.terraform.io/hashicorp/aws\"]",
      "instances": [
        {
          "schema_version": 0,
          "attributes": {
            "arn": "arn:aws:ecs:us-east-1:622623004059:cluster/funfarm-fargate-cluster",
            "configuration": [],
            "id": "arn:aws:ecs:us-east-1:622623004059:cluster/funfarm-fargate-cluster",
            "name": "funfarm-fargate-cluster",
            "region": "us-east-1",
            "service_connect_defaults": [],
            "setting": [
              {
                "name": "containerInsights",
                "value": "disabled"
              }
            ],
            "tags": null,
            "tags_all": {}
          },
          "sensitive_attributes": [],
          "identity_schema_version": 0,
          "private": "bnVsbA=="
        }
      ]
    },
    {
      "module": "module.compute",
      "mode": "managed",
      "type": "aws_ecs_service",
      "name": "app_service",
      "provider": "provider[\"registry.terraform.io/hashicorp/aws\"]",
      "instances": [
        {
          "schema_version": 1,
          "attributes": {
            "alarms": [],
            "arn": "arn:aws:ecs:us-east-1:622623004059:service/funfarm-fargate-cluster/funfarm-app-service",
            "availability_zone_rebalancing": "ENABLED",
            "capacity_provider_strategy": [],
            "cluster": "arn:aws:ecs:us-east-1:622623004059:cluster/funfarm-fargate-cluster",
            "deployment_circuit_breaker": [
              {
                "enable": false,
                "rollback": false
              }
            ],
            "deployment_configuration": [
              {
                "bake_time_in_minutes": "0",
                "canary_configuration": [],
                "lifecycle_hook": [],
                "linear_configuration": [],
                "strategy": "ROLLING"
              }
            ],
            "deployment_controller": [
              {
                "type": "ECS"
              }
            ],
            "deployment_maximum_percent": 200,
            "deployment_minimum_healthy_percent": 100,
            "desired_count": 2,
            "enable_ecs_managed_tags": false,
            "enable_execute_command": false,
            "force_delete": null,
            "force_new_deployment": null,
            "health_check_grace_period_seconds": 0,
            "iam_role": "/aws-service-role/ecs.amazonaws.com/AWSServiceRoleForECS",
            "id": "arn:aws:ecs:us-east-1:622623004059:service/funfarm-fargate-cluster/funfarm-app-service",
            "launch_type": "FARGATE",
            "load_balancer": [
              {
                "advanced_configuration": [],
                "container_name": "funfarm-app-container",
                "container_port": 8080,
                "elb_name": "",
                "target_group_arn": "arn:aws:elasticloadbalancing:us-east-1:622623004059:targetgroup/app-20260514173331911900000006/61063a3c4ed32e7b"
              }
            ],
            "name": "funfarm-app-service",
            "network_configuration": [
              {
                "assign_public_ip": false,
                "security_groups": [
                  "sg-08bf6ca0b00131937"
                ],
                "subnets": [
                  "subnet-00aafa9bf7b3c9e65",
                  "subnet-03d99f96f68a329e8"
                ]
              }
            ],
            "ordered_placement_strategy": [],
            "placement_constraints": [],
            "platform_version": "LATEST",
            "propagate_tags": "NONE",
            "region": "us-east-1",
            "scheduling_strategy": "REPLICA",
            "service_connect_configuration": [],
            "service_registries": [],
            "sigint_rollback": null,
            "tags": null,
            "tags_all": {},
            "task_definition": "arn:aws:ecs:us-east-1:622623004059:task-definition/funfarm-app-task:14",
            "timeouts": null,
            "triggers": {},
            "volume_configuration": [],
            "vpc_lattice_configurations": [],
            "wait_for_steady_state": false
          },
          "sensitive_attributes": [],
          "identity_schema_version": 0,
          "identity": {
            "account_id": "622623004059",
            "cluster": "arn:aws:ecs:us-east-1:622623004059:cluster/funfarm-fargate-cluster",
            "name": "funfarm-app-service",
            "region": "us-east-1"
          },
          "private": "eyJlMmJmYjczMC1lY2FhLTExZTYtOGY4OC0zNDM2M2JjN2M0YzAiOnsiY3JlYXRlIjoxMjAwMDAwMDAwMDAwLCJkZWxldGUiOjEyMDAwMDAwMDAwMDAsInVwZGF0ZSI6MTIwMDAwMDAwMDAwMH0sInNjaGVtYV92ZXJzaW9uIjoiMSJ9",
          "dependencies": [
            "module.compute.aws_cloudwatch_log_group.ecs_logs",
            "module.compute.aws_ecs_cluster.main",
            "module.compute.aws_ecs_task_definition.app",
            "module.compute.aws_iam_role.ecs_execution_role",
            "module.db.aws_db_instance.postgres",
            "module.network.aws_db_subnet_group.db",
            "module.network.aws_lb_target_group.app_tg",
            "module.security.aws_secretsmanager_secret.user_access_secret",
            "module.security.aws_security_group.alb_sg",
            "module.security.aws_security_group.app_sg",
            "module.security.aws_security_group.db_sg",
            "module.security.data.aws_availability_zones.available",
            "module.security.module.vpc.aws_subnet.database",
            "module.security.module.vpc.aws_subnet.private",
            "module.security.module.vpc.aws_vpc.this",
            "module.security.module.vpc.aws_vpc_ipv4_cidr_block_association.this"
          ]
        }
      ]
    },
    {
      "module": "module.compute",
      "mode": "managed",
      "type": "aws_ecs_task_definition",
      "name": "app",
      "provider": "provider[\"registry.terraform.io/hashicorp/aws\"]",
      "instances": [
        {
          "schema_version": 1,
          "attributes": {
            "arn": "arn:aws:ecs:us-east-1:622623004059:task-definition/funfarm-app-task:14",
            "arn_without_revision": "arn:aws:ecs:us-east-1:622623004059:task-definition/funfarm-app-task",
            "container_definitions": "[{\"cpu\":256,\"environment\":[{\"name\":\"SPRING_DATASOURCE_DRIVER_CLASS_NAME\",\"value\":\"org.postgresql.Driver\"},{\"name\":\"SPRING_DATASOURCE_URL\",\"value\":\"jdbc:postgresql://funfarm.cils6cc0ka1q.us-east-1.rds.amazonaws.com:5432/funfarm\"},{\"name\":\"SPRING_DATASOURCE_USERNAME\",\"value\":\"funfarm\"}],\"essential\":true,\"image\":\"622623004059.dkr.ecr.us-east-1.amazonaws.com/funfarm:latest\",\"logConfiguration\":{\"logDriver\":\"awslogs\",\"options\":{\"awslogs-stream-prefix\":\"funfarm\",\"awslogs-group\":\"funfarm-ecs\",\"awslogs-region\":\"us-east-1\"}},\"memory\":512,\"mountPoints\":[],\"name\":\"funfarm-app-container\",\"portMappings\":[{\"containerPort\":8080,\"hostPort\":8080,\"protocol\":\"tcp\"}],\"secrets\":[{\"name\":\"APP_API_SECRETS\",\"valueFrom\":\"arn:aws:secretsmanager:us-east-1:622623004059:secret:funfarm/user-access-Qw0Xrx\"}],\"systemControls\":[],\"volumesFrom\":[]}]",
            "cpu": "256",
            "enable_fault_injection": false,
            "ephemeral_storage": [],
            "execution_role_arn": "arn:aws:iam::622623004059:role/ecs_execution_role",
            "family": "funfarm-app-task",
            "id": "funfarm-app-task",
            "ipc_mode": "",
            "memory": "512",
            "network_mode": "awsvpc",
            "pid_mode": "",
            "placement_constraints": [],
            "proxy_configuration": [],
            "region": "us-east-1",
            "requires_compatibilities": [
              "FARGATE"
            ],
            "revision": 14,
            "runtime_platform": [
              {
                "cpu_architecture": "ARM64",
                "operating_system_family": "LINUX"
              }
            ],
            "skip_destroy": false,
            "tags": null,
            "tags_all": {},
            "task_role_arn": "",
            "track_latest": false,
            "volume": []
          },
          "sensitive_attributes": [],
          "identity_schema_version": 0,
          "identity": {
            "account_id": "622623004059",
            "family": "funfarm-app-task",
            "region": "us-east-1",
            "revision": 14
          },
          "private": "eyJzY2hlbWFfdmVyc2lvbiI6IjEifQ==",
          "dependencies": [
            "module.compute.aws_cloudwatch_log_group.ecs_logs",
            "module.compute.aws_iam_role.ecs_execution_role",
            "module.db.aws_db_instance.postgres",
            "module.network.aws_db_subnet_group.db",
            "module.security.aws_secretsmanager_secret.user_access_secret",
            "module.security.aws_security_group.alb_sg",
            "module.security.aws_security_group.app_sg",
            "module.security.aws_security_group.db_sg",
            "module.security.data.aws_availability_zones.available",
            "module.security.module.vpc.aws_subnet.database",
            "module.security.module.vpc.aws_vpc.this",
            "module.security.module.vpc.aws_vpc_ipv4_cidr_block_association.this"
          ]
        }
      ]
    },
    {
      "module": "module.compute",
      "mode": "managed",
      "type": "aws_iam_openid_connect_provider",
      "name": "github",
      "provider": "provider[\"registry.terraform.io/hashicorp/aws\"]",
      "instances": [
        {
          "schema_version": 0,
          "attributes": {
            "arn": "arn:aws:iam::622623004059:oidc-provider/token.actions.githubusercontent.com",
            "client_id_list": [
              "sts.amazonaws.com"
            ],
            "id": "arn:aws:iam::622623004059:oidc-provider/token.actions.githubusercontent.com",
            "tags": null,
            "tags_all": {},
            "thumbprint_list": [
              "6938fd4d98bab03faadb97b34396831e3780aea1",
              "1c58a3a8518e8759bf075b76b750d4f2df264fcd"
            ],
            "url": "token.actions.githubusercontent.com"
          },
          "sensitive_attributes": [],
          "identity_schema_version": 0,
          "identity": {
            "arn": "arn:aws:iam::622623004059:oidc-provider/token.actions.githubusercontent.com"
          },
          "private": "bnVsbA=="
        }
      ]
    },
    {
      "module": "module.compute",
      "mode": "managed",
      "type": "aws_iam_policy",
      "name": "ecs_policy",
      "provider": "provider[\"registry.terraform.io/hashicorp/aws\"]",
      "instances": [
        {
          "schema_version": 0,
          "attributes": {
            "arn": "arn:aws:iam::622623004059:policy/ecs_policy_data",
            "attachment_count": 0,
            "delay_after_policy_creation_in_ms": null,
            "description": "Ecs policy for github action",
            "id": "arn:aws:iam::622623004059:policy/ecs_policy_data",
            "name": "ecs_policy_data",
            "name_prefix": "",
            "path": "/",
            "policy": "{\"Statement\":[{\"Action\":[\"ecs:RegisterTaskDefinition\",\"ecs:DescribeTaskDefinition\"],\"Effect\":\"Allow\",\"Resource\":\"*\"},{\"Action\":[\"ecs:UpdateService\",\"ecs:DescribeServices\"],\"Effect\":\"Allow\",\"Resource\":\"arn:aws:ecs:us-east-1:622623004059:service/funfarm-fargate-cluster/funfarm-app-service\"},{\"Action\":\"iam:PassRole\",\"Effect\":\"Allow\",\"Resource\":\"arn:aws:iam::622623004059:role/ecs_execution_role\"}],\"Version\":\"2012-10-17\"}",
            "policy_id": "ANPAZB5ZZCWN46DE3U37J",
            "tags": null,
            "tags_all": {}
          },
          "sensitive_attributes": [],
          "identity_schema_version": 0,
          "identity": {
            "arn": "arn:aws:iam::622623004059:policy/ecs_policy_data"
          },
          "private": "bnVsbA==",
          "dependencies": [
            "module.compute.aws_cloudwatch_log_group.ecs_logs",
            "module.compute.aws_ecs_cluster.main",
            "module.compute.aws_ecs_service.app_service",
            "module.compute.aws_ecs_task_definition.app",
            "module.compute.aws_iam_role.ecs_execution_role",
            "module.compute.data.aws_iam_policy_document.ecs_policy_data",
            "module.db.aws_db_instance.postgres",
            "module.network.aws_db_subnet_group.db",
            "module.network.aws_lb_target_group.app_tg",
            "module.security.aws_secretsmanager_secret.user_access_secret",
            "module.security.aws_security_group.alb_sg",
            "module.security.aws_security_group.app_sg",
            "module.security.aws_security_group.db_sg",
            "module.security.data.aws_availability_zones.available",
            "module.security.module.vpc.aws_subnet.database",
            "module.security.module.vpc.aws_subnet.private",
            "module.security.module.vpc.aws_vpc.this",
            "module.security.module.vpc.aws_vpc_ipv4_cidr_block_association.this"
          ]
        }
      ]
    },
    {
      "module": "module.compute",
      "mode": "managed",
      "type": "aws_iam_policy_attachment",
      "name": "github_action_ecr_policy_attachment",
      "provider": "provider[\"registry.terraform.io/hashicorp/aws\"]",
      "instances": [
        {
          "schema_version": 0,
          "attributes": {
            "groups": null,
            "id": "github_action_ecr_policy_attachment",
            "name": "github_action_ecr_policy_attachment",
            "policy_arn": "arn:aws:iam::aws:policy/AmazonEC2ContainerRegistryPowerUser",
            "roles": [
              "github_action_role"
            ],
            "users": null
          },
          "sensitive_attributes": [],
          "identity_schema_version": 0,
          "private": "bnVsbA==",
          "dependencies": [
            "module.compute.aws_iam_openid_connect_provider.github",
            "module.compute.aws_iam_role.github_action_role"
          ]
        }
      ]
    },
    {
      "module": "module.compute",
      "mode": "managed",
      "type": "aws_iam_policy_attachment",
      "name": "github_action_ecs_policy_attachment",
      "provider": "provider[\"registry.terraform.io/hashicorp/aws\"]",
      "instances": [
        {
          "schema_version": 0,
          "attributes": {
            "groups": null,
            "id": "github_action_ecs_policy_attachment",
            "name": "github_action_ecs_policy_attachment",
            "policy_arn": "arn:aws:iam::622623004059:policy/ecs_policy_data",
            "roles": [
              "github_action_role"
            ],
            "users": null
          },
          "sensitive_attributes": [],
          "identity_schema_version": 0,
          "private": "bnVsbA==",
          "dependencies": [
            "module.compute.aws_cloudwatch_log_group.ecs_logs",
            "module.compute.aws_ecs_cluster.main",
            "module.compute.aws_ecs_service.app_service",
            "module.compute.aws_ecs_task_definition.app",
            "module.compute.aws_iam_openid_connect_provider.github",
            "module.compute.aws_iam_policy.ecs_policy",
            "module.compute.aws_iam_role.ecs_execution_role",
            "module.compute.aws_iam_role.github_action_role",
            "module.compute.data.aws_iam_policy_document.ecs_policy_data",
            "module.db.aws_db_instance.postgres",
            "module.network.aws_db_subnet_group.db",
            "module.network.aws_lb_target_group.app_tg",
            "module.security.aws_secretsmanager_secret.user_access_secret",
            "module.security.aws_security_group.alb_sg",
            "module.security.aws_security_group.app_sg",
            "module.security.aws_security_group.db_sg",
            "module.security.data.aws_availability_zones.available",
            "module.security.module.vpc.aws_subnet.database",
            "module.security.module.vpc.aws_subnet.private",
            "module.security.module.vpc.aws_vpc.this",
            "module.security.module.vpc.aws_vpc_ipv4_cidr_block_association.this"
          ]
        }
      ]
    },
    {
      "module": "module.compute",
      "mode": "managed",
      "type": "aws_iam_role",
      "name": "ecs_execution_role",
      "provider": "provider[\"registry.terraform.io/hashicorp/aws\"]",
      "instances": [
        {
          "schema_version": 0,
          "attributes": {
            "arn": "arn:aws:iam::622623004059:role/ecs_execution_role",
            "assume_role_policy": "{\"Statement\":[{\"Action\":\"sts:AssumeRole\",\"Effect\":\"Allow\",\"Principal\":{\"Service\":\"ecs-tasks.amazonaws.com\"}}],\"Version\":\"2012-10-17\"}",
            "create_date": "2026-05-14T17:33:20Z",
            "description": "",
            "force_detach_policies": false,
            "id": "ecs_execution_role",
            "inline_policy": [],
            "managed_policy_arns": [],
            "max_session_duration": 3600,
            "name": "ecs_execution_role",
            "name_prefix": "",
            "path": "/",
            "permissions_boundary": "",
            "tags": null,
            "tags_all": {},
            "unique_id": "AROAZB5ZZCWN5JZ3UOUFO"
          },
          "sensitive_attributes": [],
          "identity_schema_version": 0,
          "identity": {
            "account_id": "622623004059",
            "name": "ecs_execution_role"
          },
          "private": "bnVsbA=="
        }
      ]
    },
    {
      "module": "module.compute",
      "mode": "managed",
      "type": "aws_iam_role",
      "name": "github_action_role",
      "provider": "provider[\"registry.terraform.io/hashicorp/aws\"]",
      "instances": [
        {
          "schema_version": 0,
          "attributes": {
            "arn": "arn:aws:iam::622623004059:role/github_action_role",
            "assume_role_policy": "{\"Statement\":[{\"Action\":\"sts:AssumeRoleWithWebIdentity\",\"Condition\":{\"StringEquals\":{\"token.actions.githubusercontent.com:aud\":\"sts.amazonaws.com\"},\"StringLike\":{\"token.actions.githubusercontent.com:sub\":\"repo:olehpona-ai2025/OOP-lab:*\"}},\"Effect\":\"Allow\",\"Principal\":{\"Federated\":\"arn:aws:iam::622623004059:oidc-provider/token.actions.githubusercontent.com\"}}],\"Version\":\"2012-10-17\"}",
            "create_date": "2026-05-14T17:33:21Z",
            "description": "",
            "force_detach_policies": false,
            "id": "github_action_role",
            "inline_policy": [],
            "managed_policy_arns": [],
            "max_session_duration": 3600,
            "name": "github_action_role",
            "name_prefix": "",
            "path": "/",
            "permissions_boundary": "",
            "tags": null,
            "tags_all": {},
            "unique_id": "AROAZB5ZZCWNXKIO7PZO2"
          },
          "sensitive_attributes": [],
          "identity_schema_version": 0,
          "identity": {
            "account_id": "622623004059",
            "name": "github_action_role"
          },
          "private": "bnVsbA==",
          "dependencies": [
            "module.compute.aws_iam_openid_connect_provider.github"
          ]
        }
      ]
    },
    {
      "module": "module.compute",
      "mode": "managed",
      "type": "aws_iam_role_policy",
      "name": "ecs_execution_secret",
      "provider": "provider[\"registry.terraform.io/hashicorp/aws\"]",
      "instances": [
        {
          "schema_version": 0,
          "attributes": {
            "id": "ecs_execution_role:terraform-2026051417390823430000000c",
            "name": "terraform-2026051417390823430000000c",
            "name_prefix": "terraform-",
            "policy": "{\"Version\":\"2012-10-17\",\"Statement\":[{\"Action\":\"secretsmanager:GetSecretValue\",\"Effect\":\"Allow\",\"Resource\":[\"arn:aws:secretsmanager:us-east-1:622623004059:secret:rds!db-4aa0bf6a-f6b5-4915-8179-8161e90aaa1c-6ooFH3\",\"arn:aws:secretsmanager:us-east-1:622623004059:secret:funfarm/user-access-Qw0Xrx\"]}]}",
            "role": "ecs_execution_role"
          },
          "sensitive_attributes": [],
          "identity_schema_version": 0,
          "identity": {
            "account_id": "622623004059",
            "name": "terraform-2026051417390823430000000c",
            "role": "ecs_execution_role"
          },
          "private": "bnVsbA==",
          "dependencies": [
            "module.compute.aws_iam_role.ecs_execution_role",
            "module.db.aws_db_instance.postgres",
            "module.network.aws_db_subnet_group.db",
            "module.security.aws_secretsmanager_secret.user_access_secret",
            "module.security.aws_security_group.alb_sg",
            "module.security.aws_security_group.app_sg",
            "module.security.aws_security_group.db_sg",
            "module.security.data.aws_availability_zones.available",
            "module.security.module.vpc.aws_subnet.database",
            "module.security.module.vpc.aws_vpc.this",
            "module.security.module.vpc.aws_vpc_ipv4_cidr_block_association.this"
          ]
        }
      ]
    },
    {
      "module": "module.compute",
      "mode": "managed",
      "type": "aws_iam_role_policy_attachment",
      "name": "ecs_execution_role_policy",
      "provider": "provider[\"registry.terraform.io/hashicorp/aws\"]",
      "instances": [
        {
          "schema_version": 0,
          "attributes": {
            "id": "ecs_execution_role/arn:aws:iam::aws:policy/service-role/AmazonECSTaskExecutionRolePolicy",
            "policy_arn": "arn:aws:iam::aws:policy/service-role/AmazonECSTaskExecutionRolePolicy",
            "role": "ecs_execution_role"
          },
          "sensitive_attributes": [],
          "identity_schema_version": 0,
          "identity": {
            "account_id": "622623004059",
            "policy_arn": "arn:aws:iam::aws:policy/service-role/AmazonECSTaskExecutionRolePolicy",
            "role": "ecs_execution_role"
          },
          "private": "bnVsbA==",
          "dependencies": [
            "module.compute.aws_iam_role.ecs_execution_role"
          ]
        }
      ]
    },
    {
      "module": "module.db",
      "mode": "managed",
      "type": "aws_db_instance",
      "name": "postgres",
      "provider": "provider[\"registry.terraform.io/hashicorp/aws\"]",
      "instances": [
        {
          "schema_version": 2,
          "attributes": {
            "address": "funfarm.cils6cc0ka1q.us-east-1.rds.amazonaws.com",
            "allocated_storage": 20,
            "allow_major_version_upgrade": null,
            "apply_immediately": false,
            "arn": "arn:aws:rds:us-east-1:622623004059:db:funfarm",
            "auto_minor_version_upgrade": true,
            "availability_zone": "us-east-1a",
            "backup_retention_period": 0,
            "backup_target": "region",
            "backup_window": "06:53-07:23",
            "blue_green_update": [],
            "ca_cert_identifier": "rds-ca-rsa2048-g1",
            "character_set_name": "",
            "copy_tags_to_snapshot": false,
            "custom_iam_instance_profile": "",
            "customer_owned_ip_enabled": false,
            "database_insights_mode": "standard",
            "db_name": "funfarm",
            "db_subnet_group_name": "funfarm-db-subnet-group",
            "dedicated_log_volume": false,
            "delete_automated_backups": true,
            "deletion_protection": false,
            "domain": "",
            "domain_auth_secret_arn": "",
            "domain_dns_ips": null,
            "domain_fqdn": "",
            "domain_iam_role_name": "",
            "domain_ou": "",
            "enabled_cloudwatch_logs_exports": null,
            "endpoint": "funfarm.cils6cc0ka1q.us-east-1.rds.amazonaws.com:5432",
            "engine": "postgres",
            "engine_lifecycle_support": "open-source-rds-extended-support",
            "engine_version": "18.3",
            "engine_version_actual": "18.3",
            "final_snapshot_identifier": null,
            "hosted_zone_id": "Z2R2ITUGPM61AM",
            "iam_database_authentication_enabled": false,
            "id": "db-FK7JP6BVGLIW5JBO3QUQ23AOIE",
            "identifier": "funfarm",
            "identifier_prefix": "",
            "instance_class": "db.t4g.micro",
            "iops": 0,
            "kms_key_id": "",
            "latest_restorable_time": "",
            "license_model": "postgresql-license",
            "listener_endpoint": [],
            "maintenance_window": "thu:05:02-thu:05:32",
            "manage_master_user_password": true,
            "master_user_secret": [
              {
                "kms_key_id": "arn:aws:kms:us-east-1:622623004059:key/27fd7aaf-7803-4169-aa7f-de8072ffc776",
                "secret_arn": "arn:aws:secretsmanager:us-east-1:622623004059:secret:rds!db-4aa0bf6a-f6b5-4915-8179-8161e90aaa1c-6ooFH3",
                "secret_status": "active"
              }
            ],
            "master_user_secret_kms_key_id": null,
            "max_allocated_storage": 0,
            "monitoring_interval": 0,
            "monitoring_role_arn": "",
            "multi_az": false,
            "nchar_character_set_name": "",
            "network_type": "IPV4",
            "option_group_name": "default:postgres-18",
            "parameter_group_name": "default.postgres18",
            "password": null,
            "password_wo": null,
            "password_wo_version": null,
            "performance_insights_enabled": false,
            "performance_insights_kms_key_id": "",
            "performance_insights_retention_period": 0,
            "port": 5432,
            "publicly_accessible": false,
            "region": "us-east-1",
            "replica_mode": "",
            "replicas": [],
            "replicate_source_db": "",
            "resource_id": "db-FK7JP6BVGLIW5JBO3QUQ23AOIE",
            "restore_to_point_in_time": [],
            "s3_import": [],
            "skip_final_snapshot": true,
            "snapshot_identifier": null,
            "status": "available",
            "storage_encrypted": false,
            "storage_throughput": 0,
            "storage_type": "gp2",
            "tags": null,
            "tags_all": {},
            "timeouts": null,
            "timezone": "",
            "upgrade_rollout_order": "second",
            "upgrade_storage_config": null,
            "username": "funfarm",
            "vpc_security_group_ids": [
              "sg-00ff70d7a62ecde75"
            ]
          },
          "sensitive_attributes": [
            [
              {
                "type": "get_attr",
                "value": "password"
              }
            ],
            [
              {
                "type": "get_attr",
                "value": "password_wo"
              }
            ]
          ],
          "identity_schema_version": 0,
          "private": "eyJlMmJmYjczMC1lY2FhLTExZTYtOGY4OC0zNDM2M2JjN2M0YzAiOnsiY3JlYXRlIjozMDAwMDAwMDAwMDAwLCJkZWxldGUiOjM2MDAwMDAwMDAwMDAsInVwZGF0ZSI6NDgwMDAwMDAwMDAwMH0sInNjaGVtYV92ZXJzaW9uIjoiMiJ9",
          "dependencies": [
            "module.network.aws_db_subnet_group.db",
            "module.security.aws_security_group.alb_sg",
            "module.security.aws_security_group.app_sg",
            "module.security.aws_security_group.db_sg",
            "module.security.data.aws_availability_zones.available",
            "module.security.module.vpc.aws_subnet.database",
            "module.security.module.vpc.aws_vpc.this",
            "module.security.module.vpc.aws_vpc_ipv4_cidr_block_association.this"
          ]
        }
      ]
    },
    {
      "module": "module.network",
      "mode": "managed",
      "type": "aws_db_subnet_group",
      "name": "db",
      "provider": "provider[\"registry.terraform.io/hashicorp/aws\"]",
      "instances": [
        {
          "schema_version": 0,
          "attributes": {
            "arn": "arn:aws:rds:us-east-1:622623004059:subgrp:funfarm-db-subnet-group",
            "description": "Managed by Terraform",
            "id": "funfarm-db-subnet-group",
            "name": "funfarm-db-subnet-group",
            "name_prefix": "",
            "region": "us-east-1",
            "subnet_ids": [
              "subnet-022a8b63fb3ac146d",
              "subnet-0f6f15018592ebca7"
            ],
            "supported_network_types": [
              "IPV4"
            ],
            "tags": null,
            "tags_all": {},
            "vpc_id": "vpc-0f6682535067d2e74"
          },
          "sensitive_attributes": [],
          "identity_schema_version": 0,
          "identity": {
            "account_id": "622623004059",
            "name": "funfarm-db-subnet-group",
            "region": "us-east-1"
          },
          "private": "bnVsbA==",
          "dependencies": [
            "module.security.data.aws_availability_zones.available",
            "module.security.module.vpc.aws_subnet.database",
            "module.security.module.vpc.aws_vpc.this",
            "module.security.module.vpc.aws_vpc_ipv4_cidr_block_association.this"
          ]
        }
      ]
    },
    {
      "module": "module.network",
      "mode": "managed",
      "type": "aws_lb",
      "name": "app_alb",
      "provider": "provider[\"registry.terraform.io/hashicorp/aws\"]",
      "instances": [
        {
          "schema_version": 0,
          "attributes": {
            "access_logs": [
              {
                "bucket": "",
                "enabled": false,
                "prefix": ""
              }
            ],
            "arn": "arn:aws:elasticloadbalancing:us-east-1:622623004059:loadbalancer/app/app-alb/5cfb16af2b44f126",
            "arn_suffix": "app/app-alb/5cfb16af2b44f126",
            "client_keep_alive": 3600,
            "connection_logs": [
              {
                "bucket": "",
                "enabled": false,
                "prefix": ""
              }
            ],
            "customer_owned_ipv4_pool": "",
            "desync_mitigation_mode": "defensive",
            "dns_name": "app-alb-146258734.us-east-1.elb.amazonaws.com",
            "dns_record_client_routing_policy": null,
            "drop_invalid_header_fields": false,
            "enable_cross_zone_load_balancing": true,
            "enable_deletion_protection": false,
            "enable_http2": true,
            "enable_tls_version_and_cipher_suite_headers": false,
            "enable_waf_fail_open": false,
            "enable_xff_client_port": false,
            "enable_zonal_shift": false,
            "enforce_security_group_inbound_rules_on_private_link_traffic": "",
            "health_check_logs": [
              {
                "bucket": "",
                "enabled": false,
                "prefix": ""
              }
            ],
            "id": "arn:aws:elasticloadbalancing:us-east-1:622623004059:loadbalancer/app/app-alb/5cfb16af2b44f126",
            "idle_timeout": 60,
            "internal": false,
            "ip_address_type": "ipv4",
            "ipam_pools": [],
            "load_balancer_type": "application",
            "minimum_load_balancer_capacity": [],
            "name": "app-alb",
            "name_prefix": "",
            "preserve_host_header": false,
            "region": "us-east-1",
            "secondary_ips_auto_assigned_per_subnet": null,
            "security_groups": [
              "sg-0c87db37eb0dc6af6"
            ],
            "subnet_mapping": [
              {
                "allocation_id": "",
                "ipv6_address": "",
                "outpost_id": "",
                "private_ipv4_address": "",
                "subnet_id": "subnet-048fe0b87057fca26"
              },
              {
                "allocation_id": "",
                "ipv6_address": "",
                "outpost_id": "",
                "private_ipv4_address": "",
                "subnet_id": "subnet-0eabe258009409f24"
              }
            ],
            "subnets": [
              "subnet-048fe0b87057fca26",
              "subnet-0eabe258009409f24"
            ],
            "tags": null,
            "tags_all": {},
            "timeouts": null,
            "vpc_id": "vpc-0f6682535067d2e74",
            "xff_header_processing_mode": "append",
            "zone_id": "Z35SXDOTRQ7X7K"
          },
          "sensitive_attributes": [],
          "identity_schema_version": 0,
          "identity": {
            "arn": "arn:aws:elasticloadbalancing:us-east-1:622623004059:loadbalancer/app/app-alb/5cfb16af2b44f126"
          },
          "private": "eyJlMmJmYjczMC1lY2FhLTExZTYtOGY4OC0zNDM2M2JjN2M0YzAiOnsiY3JlYXRlIjo2MDAwMDAwMDAwMDAsImRlbGV0ZSI6NjAwMDAwMDAwMDAwLCJ1cGRhdGUiOjYwMDAwMDAwMDAwMH19",
          "dependencies": [
            "module.security.aws_security_group.alb_sg",
            "module.security.data.aws_availability_zones.available",
            "module.security.module.vpc.aws_subnet.public",
            "module.security.module.vpc.aws_vpc.this",
            "module.security.module.vpc.aws_vpc_ipv4_cidr_block_association.this"
          ]
        }
      ]
    },
    {
      "module": "module.network",
      "mode": "managed",
      "type": "aws_lb_listener",
      "name": "front_end",
      "provider": "provider[\"registry.terraform.io/hashicorp/aws\"]",
      "instances": [
        {
          "schema_version": 0,
          "attributes": {
            "alpn_policy": null,
            "arn": "arn:aws:elasticloadbalancing:us-east-1:622623004059:listener/app/app-alb/5cfb16af2b44f126/52cd707ddfb1889c",
            "certificate_arn": null,
            "default_action": [
              {
                "authenticate_cognito": [],
                "authenticate_oidc": [],
                "fixed_response": [],
                "forward": [],
                "jwt_validation": [],
                "order": 1,
                "redirect": [],
                "target_group_arn": "arn:aws:elasticloadbalancing:us-east-1:622623004059:targetgroup/app-20260514173331911900000006/61063a3c4ed32e7b",
                "type": "forward"
              }
            ],
            "id": "arn:aws:elasticloadbalancing:us-east-1:622623004059:listener/app/app-alb/5cfb16af2b44f126/52cd707ddfb1889c",
            "load_balancer_arn": "arn:aws:elasticloadbalancing:us-east-1:622623004059:loadbalancer/app/app-alb/5cfb16af2b44f126",
            "mutual_authentication": [],
            "port": 80,
            "protocol": "HTTP",
            "region": "us-east-1",
            "routing_http_request_x_amzn_mtls_clientcert_header_name": null,
            "routing_http_request_x_amzn_mtls_clientcert_issuer_header_name": null,
            "routing_http_request_x_amzn_mtls_clientcert_leaf_header_name": null,
            "routing_http_request_x_amzn_mtls_clientcert_serial_number_header_name": null,
            "routing_http_request_x_amzn_mtls_clientcert_subject_header_name": null,
            "routing_http_request_x_amzn_mtls_clientcert_validity_header_name": null,
            "routing_http_request_x_amzn_tls_cipher_suite_header_name": null,
            "routing_http_request_x_amzn_tls_version_header_name": null,
            "routing_http_response_access_control_allow_credentials_header_value": "",
            "routing_http_response_access_control_allow_headers_header_value": "",
            "routing_http_response_access_control_allow_methods_header_value": "",
            "routing_http_response_access_control_allow_origin_header_value": "",
            "routing_http_response_access_control_expose_headers_header_value": "",
            "routing_http_response_access_control_max_age_header_value": "",
            "routing_http_response_content_security_policy_header_value": "",
            "routing_http_response_server_enabled": true,
            "routing_http_response_strict_transport_security_header_value": "",
            "routing_http_response_x_content_type_options_header_value": "",
            "routing_http_response_x_frame_options_header_value": "",
            "ssl_policy": "",
            "tags": null,
            "tags_all": {},
            "tcp_idle_timeout_seconds": null,
            "timeouts": null
          },
          "sensitive_attributes": [],
          "identity_schema_version": 0,
          "identity": {
            "arn": "arn:aws:elasticloadbalancing:us-east-1:622623004059:listener/app/app-alb/5cfb16af2b44f126/52cd707ddfb1889c"
          },
          "private": "eyJlMmJmYjczMC1lY2FhLTExZTYtOGY4OC0zNDM2M2JjN2M0YzAiOnsiY3JlYXRlIjozMDAwMDAwMDAwMDAsInVwZGF0ZSI6MzAwMDAwMDAwMDAwfX0=",
          "dependencies": [
            "module.network.aws_lb.app_alb",
            "module.network.aws_lb_target_group.app_tg",
            "module.security.aws_security_group.alb_sg",
            "module.security.data.aws_availability_zones.available",
            "module.security.module.vpc.aws_subnet.public",
            "module.security.module.vpc.aws_vpc.this",
            "module.security.module.vpc.aws_vpc_ipv4_cidr_block_association.this"
          ]
        }
      ]
    },
    {
      "module": "module.network",
      "mode": "managed",
      "type": "aws_lb_target_group",
      "name": "app_tg",
      "provider": "provider[\"registry.terraform.io/hashicorp/aws\"]",
      "instances": [
        {
          "schema_version": 0,
          "attributes": {
            "arn": "arn:aws:elasticloadbalancing:us-east-1:622623004059:targetgroup/app-20260514173331911900000006/61063a3c4ed32e7b",
            "arn_suffix": "targetgroup/app-20260514173331911900000006/61063a3c4ed32e7b",
            "connection_termination": null,
            "deregistration_delay": "300",
            "health_check": [
              {
                "enabled": true,
                "healthy_threshold": 2,
                "interval": 30,
                "matcher": "200",
                "path": "/actuator/health",
                "port": "traffic-port",
                "protocol": "HTTP",
                "timeout": 5,
                "unhealthy_threshold": 3
              }
            ],
            "id": "arn:aws:elasticloadbalancing:us-east-1:622623004059:targetgroup/app-20260514173331911900000006/61063a3c4ed32e7b",
            "ip_address_type": "ipv4",
            "lambda_multi_value_headers_enabled": false,
            "load_balancer_arns": [],
            "load_balancing_algorithm_type": "round_robin",
            "load_balancing_anomaly_mitigation": "off",
            "load_balancing_cross_zone_enabled": "use_load_balancer_configuration",
            "name": "app-20260514173331911900000006",
            "name_prefix": "app-",
            "port": 8080,
            "preserve_client_ip": null,
            "protocol": "HTTP",
            "protocol_version": "HTTP1",
            "proxy_protocol_v2": false,
            "region": "us-east-1",
            "slow_start": 0,
            "stickiness": [
              {
                "cookie_duration": 86400,
                "cookie_name": "",
                "enabled": false,
                "type": "lb_cookie"
              }
            ],
            "tags": null,
            "tags_all": {},
            "target_control_port": 0,
            "target_failover": [
              {
                "on_deregistration": null,
                "on_unhealthy": null
              }
            ],
            "target_group_health": [
              {
                "dns_failover": [
                  {
                    "minimum_healthy_targets_count": "1",
                    "minimum_healthy_targets_percentage": "off"
                  }
                ],
                "unhealthy_state_routing": [
                  {
                    "minimum_healthy_targets_count": 1,
                    "minimum_healthy_targets_percentage": "off"
                  }
                ]
              }
            ],
            "target_health_state": [
              {
                "enable_unhealthy_connection_termination": null,
                "unhealthy_draining_interval": null
              }
            ],
            "target_type": "ip",
            "vpc_id": "vpc-0f6682535067d2e74"
          },
          "sensitive_attributes": [],
          "identity_schema_version": 0,
          "identity": {
            "arn": "arn:aws:elasticloadbalancing:us-east-1:622623004059:targetgroup/app-20260514173331911900000006/61063a3c4ed32e7b"
          },
          "private": "bnVsbA==",
          "dependencies": [
            "module.security.module.vpc.aws_vpc.this"
          ]
        }
      ]
    },
    {
      "module": "module.security",
      "mode": "data",
      "type": "aws_availability_zones",
      "name": "available",
      "provider": "provider[\"registry.terraform.io/hashicorp/aws\"]",
      "instances": [
        {
          "schema_version": 0,
          "attributes": {
            "all_availability_zones": null,
            "exclude_names": null,
            "exclude_zone_ids": null,
            "filter": null,
            "group_names": [
              "us-east-1-zg-1"
            ],
            "id": "us-east-1",
            "names": [
              "us-east-1a",
              "us-east-1b",
              "us-east-1c",
              "us-east-1d",
              "us-east-1e",
              "us-east-1f"
            ],
            "region": "us-east-1",
            "state": null,
            "timeouts": null,
            "zone_ids": [
              "use1-az1",
              "use1-az2",
              "use1-az4",
              "use1-az6",
              "use1-az3",
              "use1-az5"
            ]
          },
          "sensitive_attributes": [],
          "identity_schema_version": 0
        }
      ]
    },
    {
      "module": "module.security",
      "mode": "data",
      "type": "aws_region",
      "name": "current",
      "provider": "provider[\"registry.terraform.io/hashicorp/aws\"]",
      "instances": [
        {
          "schema_version": 0,
          "attributes": {
            "description": "US East (N. Virginia)",
            "endpoint": "ec2.us-east-1.amazonaws.com",
            "id": "us-east-1",
            "name": "us-east-1",
            "region": "us-east-1"
          },
          "sensitive_attributes": [],
          "identity_schema_version": 0
        }
      ]
    },
    {
      "module": "module.security",
      "mode": "data",
      "type": "aws_route_tables",
      "name": "all_vpc_routes",
      "provider": "provider[\"registry.terraform.io/hashicorp/aws\"]",
      "instances": [
        {
          "schema_version": 0,
          "attributes": {
            "filter": null,
            "id": "us-east-1",
            "ids": [
              "rtb-092da89906ddb7084",
              "rtb-002dbdcd017b5ddb8",
              "rtb-0a233b891cdba38b1",
              "rtb-0e9dcc8f966c1f57b"
            ],
            "region": "us-east-1",
            "tags": null,
            "timeouts": null,
            "vpc_id": "vpc-0f6682535067d2e74"
          },
          "sensitive_attributes": [],
          "identity_schema_version": 0
        }
      ]
    },
    {
      "module": "module.security",
      "mode": "managed",
      "type": "aws_iam_role",
      "name": "ecs_execution_role",
      "provider": "provider[\"registry.terraform.io/hashicorp/aws\"]",
      "instances": [
        {
          "schema_version": 0,
          "attributes": {
            "arn": "arn:aws:iam::622623004059:role/ecs-execution-role",
            "assume_role_policy": "{\"Statement\":[{\"Action\":\"sts:AssumeRole\",\"Effect\":\"Allow\",\"Principal\":{\"Service\":\"ecs-tasks.amazonaws.com\"}}],\"Version\":\"2012-10-17\"}",
            "create_date": "2026-05-14T17:33:20Z",
            "description": "",
            "force_detach_policies": false,
            "id": "ecs-execution-role",
            "inline_policy": [],
            "managed_policy_arns": [],
            "max_session_duration": 3600,
            "name": "ecs-execution-role",
            "name_prefix": "",
            "path": "/",
            "permissions_boundary": "",
            "tags": null,
            "tags_all": {},
            "unique_id": "AROAZB5ZZCWNWJDSPPXSA"
          },
          "sensitive_attributes": [],
          "identity_schema_version": 0,
          "identity": {
            "account_id": "622623004059",
            "name": "ecs-execution-role"
          },
          "private": "bnVsbA=="
        }
      ]
    },
    {
      "module": "module.security",
      "mode": "managed",
      "type": "aws_secretsmanager_secret",
      "name": "user_access_secret",
      "provider": "provider[\"registry.terraform.io/hashicorp/aws\"]",
      "instances": [
        {
          "schema_version": 0,
          "attributes": {
            "arn": "arn:aws:secretsmanager:us-east-1:622623004059:secret:funfarm/user-access-Qw0Xrx",
            "description": "",
            "force_overwrite_replica_secret": false,
            "id": "arn:aws:secretsmanager:us-east-1:622623004059:secret:funfarm/user-access-Qw0Xrx",
            "kms_key_id": "",
            "name": "funfarm/user-access",
            "name_prefix": "",
            "policy": "",
            "recovery_window_in_days": 30,
            "region": "us-east-1",
            "replica": [],
            "tags": null,
            "tags_all": {}
          },
          "sensitive_attributes": [],
          "identity_schema_version": 0,
          "identity": {
            "arn": "arn:aws:secretsmanager:us-east-1:622623004059:secret:funfarm/user-access-Qw0Xrx"
          },
          "private": "bnVsbA=="
        }
      ]
    },
    {
      "module": "module.security",
      "mode": "managed",
      "type": "aws_secretsmanager_secret_version",
      "name": "app_env_secret_version",
      "provider": "provider[\"registry.terraform.io/hashicorp/aws\"]",
      "instances": [
        {
          "schema_version": 0,
          "attributes": {
            "arn": "arn:aws:secretsmanager:us-east-1:622623004059:secret:funfarm/user-access-Qw0Xrx",
            "has_secret_string_wo": null,
            "id": "arn:aws:secretsmanager:us-east-1:622623004059:secret:funfarm/user-access-Qw0Xrx|terraform-20260514173322992500000002",
            "region": "us-east-1",
            "secret_binary": "",
            "secret_id": "arn:aws:secretsmanager:us-east-1:622623004059:secret:funfarm/user-access-Qw0Xrx",
            "secret_string": "dPnSDQipUdYtD0vE=John, zs10LtW1rQGq1MwG=Oleh",
            "secret_string_wo": null,
            "secret_string_wo_version": null,
            "version_id": "terraform-20260514173322992500000002",
            "version_stages": [
              "AWSCURRENT"
            ]
          },
          "sensitive_attributes": [
            [
              {
                "type": "get_attr",
                "value": "secret_binary"
              }
            ],
            [
              {
                "type": "get_attr",
                "value": "secret_string"
              }
            ],
            [
              {
                "type": "get_attr",
                "value": "secret_string_wo"
              }
            ]
          ],
          "identity_schema_version": 0,
          "identity": {
            "account_id": "622623004059",
            "region": "us-east-1",
            "secret_id": "arn:aws:secretsmanager:us-east-1:622623004059:secret:funfarm/user-access-Qw0Xrx",
            "version_id": "terraform-20260514173322992500000002"
          },
          "private": "bnVsbA==",
          "dependencies": [
            "module.security.aws_secretsmanager_secret.user_access_secret",
            "module.security.random_password.john_password",
            "module.security.random_password.oleh_password"
          ]
        }
      ]
    },
    {
      "module": "module.security",
      "mode": "managed",
      "type": "aws_security_group",
      "name": "alb_sg",
      "provider": "provider[\"registry.terraform.io/hashicorp/aws\"]",
      "instances": [
        {
          "schema_version": 1,
          "attributes": {
            "arn": "arn:aws:ec2:us-east-1:622623004059:security-group/sg-0c87db37eb0dc6af6",
            "description": "Managed by Terraform",
            "egress": [
              {
                "cidr_blocks": [
                  "0.0.0.0/0"
                ],
                "description": "",
                "from_port": 0,
                "ipv6_cidr_blocks": [],
                "prefix_list_ids": [],
                "protocol": "-1",
                "security_groups": [],
                "self": false,
                "to_port": 0
              }
            ],
            "id": "sg-0c87db37eb0dc6af6",
            "ingress": [
              {
                "cidr_blocks": [
                  "0.0.0.0/0"
                ],
                "description": "",
                "from_port": 80,
                "ipv6_cidr_blocks": [],
                "prefix_list_ids": [],
                "protocol": "tcp",
                "security_groups": [],
                "self": false,
                "to_port": 80
              }
            ],
            "name": "alb-sg",
            "name_prefix": "",
            "owner_id": "622623004059",
            "region": "us-east-1",
            "revoke_rules_on_delete": false,
            "tags": null,
            "tags_all": {},
            "timeouts": null,
            "vpc_id": "vpc-0f6682535067d2e74"
          },
          "sensitive_attributes": [],
          "identity_schema_version": 0,
          "identity": {
            "account_id": "622623004059",
            "id": "sg-0c87db37eb0dc6af6",
            "region": "us-east-1"
          },
          "private": "eyJlMmJmYjczMC1lY2FhLTExZTYtOGY4OC0zNDM2M2JjN2M0YzAiOnsiY3JlYXRlIjo2MDAwMDAwMDAwMDAsImRlbGV0ZSI6OTAwMDAwMDAwMDAwfSwic2NoZW1hX3ZlcnNpb24iOiIxIn0=",
          "dependencies": [
            "module.security.module.vpc.aws_vpc.this"
          ]
        }
      ]
    },
    {
      "module": "module.security",
      "mode": "managed",
      "type": "aws_security_group",
      "name": "app_sg",
      "provider": "provider[\"registry.terraform.io/hashicorp/aws\"]",
      "instances": [
        {
          "schema_version": 1,
          "attributes": {
            "arn": "arn:aws:ec2:us-east-1:622623004059:security-group/sg-08bf6ca0b00131937",
            "description": "Managed by Terraform",
            "egress": [
              {
                "cidr_blocks": [
                  "0.0.0.0/0"
                ],
                "description": "",
                "from_port": 0,
                "ipv6_cidr_blocks": [],
                "prefix_list_ids": [],
                "protocol": "-1",
                "security_groups": [],
                "self": false,
                "to_port": 0
              }
            ],
            "id": "sg-08bf6ca0b00131937",
            "ingress": [
              {
                "cidr_blocks": [],
                "description": "",
                "from_port": 8080,
                "ipv6_cidr_blocks": [],
                "prefix_list_ids": [],
                "protocol": "tcp",
                "security_groups": [
                  "sg-0c87db37eb0dc6af6"
                ],
                "self": false,
                "to_port": 8080
              }
            ],
            "name": "app-sg",
            "name_prefix": "",
            "owner_id": "622623004059",
            "region": "us-east-1",
            "revoke_rules_on_delete": false,
            "tags": null,
            "tags_all": {},
            "timeouts": null,
            "vpc_id": "vpc-0f6682535067d2e74"
          },
          "sensitive_attributes": [],
          "identity_schema_version": 0,
          "identity": {
            "account_id": "622623004059",
            "id": "sg-08bf6ca0b00131937",
            "region": "us-east-1"
          },
          "private": "eyJlMmJmYjczMC1lY2FhLTExZTYtOGY4OC0zNDM2M2JjN2M0YzAiOnsiY3JlYXRlIjo2MDAwMDAwMDAwMDAsImRlbGV0ZSI6OTAwMDAwMDAwMDAwfSwic2NoZW1hX3ZlcnNpb24iOiIxIn0=",
          "dependencies": [
            "module.security.aws_security_group.alb_sg",
            "module.security.module.vpc.aws_vpc.this"
          ]
        }
      ]
    },
    {
      "module": "module.security",
      "mode": "managed",
      "type": "aws_security_group",
      "name": "db_sg",
      "provider": "provider[\"registry.terraform.io/hashicorp/aws\"]",
      "instances": [
        {
          "schema_version": 1,
          "attributes": {
            "arn": "arn:aws:ec2:us-east-1:622623004059:security-group/sg-00ff70d7a62ecde75",
            "description": "Managed by Terraform",
            "egress": [],
            "id": "sg-00ff70d7a62ecde75",
            "ingress": [
              {
                "cidr_blocks": [],
                "description": "",
                "from_port": 5432,
                "ipv6_cidr_blocks": [],
                "prefix_list_ids": [],
                "protocol": "tcp",
                "security_groups": [
                  "sg-08bf6ca0b00131937"
                ],
                "self": false,
                "to_port": 5432
              }
            ],
            "name": "db-sg",
            "name_prefix": "",
            "owner_id": "622623004059",
            "region": "us-east-1",
            "revoke_rules_on_delete": false,
            "tags": null,
            "tags_all": {},
            "timeouts": null,
            "vpc_id": "vpc-0f6682535067d2e74"
          },
          "sensitive_attributes": [],
          "identity_schema_version": 0,
          "identity": {
            "account_id": "622623004059",
            "id": "sg-00ff70d7a62ecde75",
            "region": "us-east-1"
          },
          "private": "eyJlMmJmYjczMC1lY2FhLTExZTYtOGY4OC0zNDM2M2JjN2M0YzAiOnsiY3JlYXRlIjo2MDAwMDAwMDAwMDAsImRlbGV0ZSI6OTAwMDAwMDAwMDAwfSwic2NoZW1hX3ZlcnNpb24iOiIxIn0=",
          "dependencies": [
            "module.security.aws_security_group.alb_sg",
            "module.security.aws_security_group.app_sg",
            "module.security.module.vpc.aws_vpc.this"
          ]
        }
      ]
    },
    {
      "module": "module.security",
      "mode": "managed",
      "type": "aws_security_group",
      "name": "vpc_endpoints_sg",
      "provider": "provider[\"registry.terraform.io/hashicorp/aws\"]",
      "instances": [
        {
          "schema_version": 1,
          "attributes": {
            "arn": "arn:aws:ec2:us-east-1:622623004059:security-group/sg-0ff5830e5278e3268",
            "description": "Security group for VPC Endpoints",
            "egress": [],
            "id": "sg-0ff5830e5278e3268",
            "ingress": [
              {
                "cidr_blocks": [],
                "description": "",
                "from_port": 443,
                "ipv6_cidr_blocks": [],
                "prefix_list_ids": [],
                "protocol": "tcp",
                "security_groups": [
                  "sg-08bf6ca0b00131937"
                ],
                "self": false,
                "to_port": 443
              }
            ],
            "name": "vpc-endpoints-sg",
            "name_prefix": "",
            "owner_id": "622623004059",
            "region": "us-east-1",
            "revoke_rules_on_delete": false,
            "tags": null,
            "tags_all": {},
            "timeouts": null,
            "vpc_id": "vpc-0f6682535067d2e74"
          },
          "sensitive_attributes": [],
          "identity_schema_version": 0,
          "identity": {
            "account_id": "622623004059",
            "id": "sg-0ff5830e5278e3268",
            "region": "us-east-1"
          },
          "private": "eyJlMmJmYjczMC1lY2FhLTExZTYtOGY4OC0zNDM2M2JjN2M0YzAiOnsiY3JlYXRlIjo2MDAwMDAwMDAwMDAsImRlbGV0ZSI6OTAwMDAwMDAwMDAwfSwic2NoZW1hX3ZlcnNpb24iOiIxIn0=",
          "dependencies": [
            "module.security.aws_security_group.alb_sg",
            "module.security.aws_security_group.app_sg",
            "module.security.module.vpc.aws_vpc.this"
          ]
        }
      ]
    },
    {
      "module": "module.security",
      "mode": "managed",
      "type": "aws_vpc_endpoint",
      "name": "s3_direct",
      "provider": "provider[\"registry.terraform.io/hashicorp/aws\"]",
      "instances": [
        {
          "schema_version": 0,
          "attributes": {
            "arn": "arn:aws:ec2:us-east-1:622623004059:vpc-endpoint/vpce-0e15378d39a684c3a",
            "auto_accept": null,
            "cidr_blocks": [
              "16.15.176.0/20",
              "16.182.0.0/16",
              "18.34.0.0/19",
              "52.216.0.0/15",
              "54.231.0.0/16",
              "3.5.0.0/19",
              "18.34.232.0/21",
              "16.15.192.0/18"
            ],
            "dns_entry": [],
            "dns_options": [
              {
                "dns_record_ip_type": "service-defined",
                "private_dns_only_for_inbound_resolver_endpoint": false,
                "private_dns_preference": "",
                "private_dns_specified_domains": []
              }
            ],
            "id": "vpce-0e15378d39a684c3a",
            "ip_address_type": "ipv4",
            "network_interface_ids": [],
            "owner_id": "622623004059",
            "policy": "{\"Statement\":[{\"Action\":\"*\",\"Effect\":\"Allow\",\"Principal\":\"*\",\"Resource\":\"*\"}],\"Version\":\"2008-10-17\"}",
            "prefix_list_id": "pl-63a5400a",
            "private_dns_enabled": false,
            "region": "us-east-1",
            "requester_managed": false,
            "resource_configuration_arn": "",
            "route_table_ids": [
              "rtb-002dbdcd017b5ddb8",
              "rtb-092da89906ddb7084",
              "rtb-0a233b891cdba38b1",
              "rtb-0e9dcc8f966c1f57b"
            ],
            "security_group_ids": [],
            "service_name": "com.amazonaws.us-east-1.s3",
            "service_network_arn": "",
            "service_region": "us-east-1",
            "state": "available",
            "subnet_configuration": [],
            "subnet_ids": [],
            "tags": null,
            "tags_all": {},
            "timeouts": null,
            "vpc_endpoint_type": "Gateway",
            "vpc_id": "vpc-0f6682535067d2e74"
          },
          "sensitive_attributes": [],
          "identity_schema_version": 0,
          "identity": {
            "account_id": "622623004059",
            "id": "vpce-0e15378d39a684c3a",
            "region": "us-east-1"
          },
          "private": "eyJlMmJmYjczMC1lY2FhLTExZTYtOGY4OC0zNDM2M2JjN2M0YzAiOnsiY3JlYXRlIjo2MDAwMDAwMDAwMDAsImRlbGV0ZSI6NjAwMDAwMDAwMDAwLCJ1cGRhdGUiOjYwMDAwMDAwMDAwMH19",
          "dependencies": [
            "module.security.data.aws_availability_zones.available",
            "module.security.data.aws_region.current",
            "module.security.data.aws_route_tables.all_vpc_routes",
            "module.security.module.vpc.aws_cloudwatch_log_group.flow_log",
            "module.security.module.vpc.aws_customer_gateway.this",
            "module.security.module.vpc.aws_db_subnet_group.database",
            "module.security.module.vpc.aws_default_network_acl.this",
            "module.security.module.vpc.aws_default_route_table.default",
            "module.security.module.vpc.aws_default_security_group.this",
            "module.security.module.vpc.aws_default_vpc.this",
            "module.security.module.vpc.aws_egress_only_internet_gateway.this",
            "module.security.module.vpc.aws_eip.nat",
            "module.security.module.vpc.aws_elasticache_subnet_group.elasticache",
            "module.security.module.vpc.aws_flow_log.this",
            "module.security.module.vpc.aws_iam_policy.vpc_flow_log_cloudwatch",
            "module.security.module.vpc.aws_iam_role.vpc_flow_log_cloudwatch",
            "module.security.module.vpc.aws_iam_role_policy_attachment.vpc_flow_log_cloudwatch",
            "module.security.module.vpc.aws_internet_gateway.this",
            "module.security.module.vpc.aws_nat_gateway.this",
            "module.security.module.vpc.aws_network_acl.database",
            "module.security.module.vpc.aws_network_acl.elasticache",
            "module.security.module.vpc.aws_network_acl.intra",
            "module.security.module.vpc.aws_network_acl.outpost",
            "module.security.module.vpc.aws_network_acl.private",
            "module.security.module.vpc.aws_network_acl.public",
            "module.security.module.vpc.aws_network_acl.redshift",
            "module.security.module.vpc.aws_network_acl_rule.database_inbound",
            "module.security.module.vpc.aws_network_acl_rule.database_outbound",
            "module.security.module.vpc.aws_network_acl_rule.elasticache_inbound",
            "module.security.module.vpc.aws_network_acl_rule.elasticache_outbound",
            "module.security.module.vpc.aws_network_acl_rule.intra_inbound",
            "module.security.module.vpc.aws_network_acl_rule.intra_outbound",
            "module.security.module.vpc.aws_network_acl_rule.outpost_inbound",
            "module.security.module.vpc.aws_network_acl_rule.outpost_outbound",
            "module.security.module.vpc.aws_network_acl_rule.private_inbound",
            "module.security.module.vpc.aws_network_acl_rule.private_outbound",
            "module.security.module.vpc.aws_network_acl_rule.public_inbound",
            "module.security.module.vpc.aws_network_acl_rule.public_outbound",
            "module.security.module.vpc.aws_network_acl_rule.redshift_inbound",
            "module.security.module.vpc.aws_network_acl_rule.redshift_outbound",
            "module.security.module.vpc.aws_redshift_subnet_group.redshift",
            "module.security.module.vpc.aws_route.database_dns64_nat_gateway",
            "module.security.module.vpc.aws_route.database_internet_gateway",
            "module.security.module.vpc.aws_route.database_ipv6_egress",
            "module.security.module.vpc.aws_route.database_nat_gateway",
            "module.security.module.vpc.aws_route.private_dns64_nat_gateway",
            "module.security.module.vpc.aws_route.private_ipv6_egress",
            "module.security.module.vpc.aws_route.private_nat_gateway",
            "module.security.module.vpc.aws_route.public_internet_gateway",
            "module.security.module.vpc.aws_route.public_internet_gateway_ipv6",
            "module.security.module.vpc.aws_route_table.database",
            "module.security.module.vpc.aws_route_table.elasticache",
            "module.security.module.vpc.aws_route_table.intra",
            "module.security.module.vpc.aws_route_table.private",
            "module.security.module.vpc.aws_route_table.public",
            "module.security.module.vpc.aws_route_table.redshift",
            "module.security.module.vpc.aws_route_table_association.database",
            "module.security.module.vpc.aws_route_table_association.elasticache",
            "module.security.module.vpc.aws_route_table_association.intra",
            "module.security.module.vpc.aws_route_table_association.outpost",
            "module.security.module.vpc.aws_route_table_association.private",
            "module.security.module.vpc.aws_route_table_association.public",
            "module.security.module.vpc.aws_route_table_association.redshift",
            "module.security.module.vpc.aws_route_table_association.redshift_public",
            "module.security.module.vpc.aws_subnet.database",
            "module.security.module.vpc.aws_subnet.elasticache",
            "module.security.module.vpc.aws_subnet.intra",
            "module.security.module.vpc.aws_subnet.outpost",
            "module.security.module.vpc.aws_subnet.private",
            "module.security.module.vpc.aws_subnet.public",
            "module.security.module.vpc.aws_subnet.redshift",
            "module.security.module.vpc.aws_vpc.this",
            "module.security.module.vpc.aws_vpc_block_public_access_exclusion.this",
            "module.security.module.vpc.aws_vpc_block_public_access_options.this",
            "module.security.module.vpc.aws_vpc_dhcp_options.this",
            "module.security.module.vpc.aws_vpc_dhcp_options_association.this",
            "module.security.module.vpc.aws_vpc_ipv4_cidr_block_association.this",
            "module.security.module.vpc.aws_vpn_gateway.this",
            "module.security.module.vpc.aws_vpn_gateway_attachment.this",
            "module.security.module.vpc.aws_vpn_gateway_route_propagation.intra",
            "module.security.module.vpc.aws_vpn_gateway_route_propagation.private",
            "module.security.module.vpc.aws_vpn_gateway_route_propagation.public",
            "module.security.module.vpc.data.aws_caller_identity.current",
            "module.security.module.vpc.data.aws_iam_policy_document.flow_log_cloudwatch_assume_role",
            "module.security.module.vpc.data.aws_iam_policy_document.vpc_flow_log_cloudwatch",
            "module.security.module.vpc.data.aws_partition.current",
            "module.security.module.vpc.data.aws_region.current"
          ]
        }
      ]
    },
    {
      "module": "module.security",
      "mode": "managed",
      "type": "random_password",
      "name": "john_password",
      "provider": "provider[\"registry.terraform.io/hashicorp/random\"]",
      "instances": [
        {
          "schema_version": 3,
          "attributes": {
            "bcrypt_hash": "$2a$10$U1LfbXpRR8PSvV.yxnlMPeflpVuiYIU8ZvQ1DjAXb6YqQCSWXuI/u",
            "id": "none",
            "keepers": null,
            "length": 16,
            "lower": true,
            "min_lower": 0,
            "min_numeric": 0,
            "min_special": 0,
            "min_upper": 0,
            "number": true,
            "numeric": true,
            "override_special": null,
            "result": "dPnSDQipUdYtD0vE",
            "special": false,
            "upper": true
          },
          "sensitive_attributes": [
            [
              {
                "type": "get_attr",
                "value": "bcrypt_hash"
              }
            ],
            [
              {
                "type": "get_attr",
                "value": "result"
              }
            ]
          ],
          "identity_schema_version": 0
        }
      ]
    },
    {
      "module": "module.security",
      "mode": "managed",
      "type": "random_password",
      "name": "oleh_password",
      "provider": "provider[\"registry.terraform.io/hashicorp/random\"]",
      "instances": [
        {
          "schema_version": 3,
          "attributes": {
            "bcrypt_hash": "$2a$10$19vcxjFW/fwlVkF2dCJ0uOXqc6GK8m6Rnw2MGgO99gtVZc458P12O",
            "id": "none",
            "keepers": null,
            "length": 16,
            "lower": true,
            "min_lower": 0,
            "min_numeric": 0,
            "min_special": 0,
            "min_upper": 0,
            "number": true,
            "numeric": true,
            "override_special": null,
            "result": "zs10LtW1rQGq1MwG",
            "special": false,
            "upper": true
          },
          "sensitive_attributes": [
            [
              {
                "type": "get_attr",
                "value": "bcrypt_hash"
              }
            ],
            [
              {
                "type": "get_attr",
                "value": "result"
              }
            ]
          ],
          "identity_schema_version": 0
        }
      ]
    },
    {
      "module": "module.security.module.vpc",
      "mode": "managed",
      "type": "aws_db_subnet_group",
      "name": "database",
      "provider": "provider[\"registry.terraform.io/hashicorp/aws\"]",
      "instances": [
        {
          "index_key": 0,
          "schema_version": 0,
          "attributes": {
            "arn": "arn:aws:rds:us-east-1:622623004059:subgrp:funfarm-vpc",
            "description": "Database subnet group for funfarm-vpc",
            "id": "funfarm-vpc",
            "name": "funfarm-vpc",
            "name_prefix": "",
            "region": "us-east-1",
            "subnet_ids": [
              "subnet-022a8b63fb3ac146d",
              "subnet-0f6f15018592ebca7"
            ],
            "supported_network_types": [
              "IPV4"
            ],
            "tags": {
              "Name": "funfarm-vpc"
            },
            "tags_all": {
              "Name": "funfarm-vpc"
            },
            "vpc_id": "vpc-0f6682535067d2e74"
          },
          "sensitive_attributes": [],
          "identity_schema_version": 0,
          "identity": {
            "account_id": "622623004059",
            "name": "funfarm-vpc",
            "region": "us-east-1"
          },
          "private": "bnVsbA==",
          "dependencies": [
            "module.security.data.aws_availability_zones.available",
            "module.security.module.vpc.aws_subnet.database",
            "module.security.module.vpc.aws_vpc.this",
            "module.security.module.vpc.aws_vpc_ipv4_cidr_block_association.this"
          ],
          "create_before_destroy": true
        }
      ]
    },
    {
      "module": "module.security.module.vpc",
      "mode": "managed",
      "type": "aws_default_network_acl",
      "name": "this",
      "provider": "provider[\"registry.terraform.io/hashicorp/aws\"]",
      "instances": [
        {
          "index_key": 0,
          "schema_version": 0,
          "attributes": {
            "arn": "arn:aws:ec2:us-east-1:622623004059:network-acl/acl-0091d69b84e335f0d",
            "default_network_acl_id": "acl-0091d69b84e335f0d",
            "egress": [
              {
                "action": "allow",
                "cidr_block": "",
                "from_port": 0,
                "icmp_code": null,
                "icmp_type": null,
                "ipv6_cidr_block": "::/0",
                "protocol": "-1",
                "rule_no": 101,
                "to_port": 0
              },
              {
                "action": "allow",
                "cidr_block": "0.0.0.0/0",
                "from_port": 0,
                "icmp_code": null,
                "icmp_type": null,
                "ipv6_cidr_block": "",
                "protocol": "-1",
                "rule_no": 100,
                "to_port": 0
              }
            ],
            "id": "acl-0091d69b84e335f0d",
            "ingress": [
              {
                "action": "allow",
                "cidr_block": "",
                "from_port": 0,
                "icmp_code": null,
                "icmp_type": null,
                "ipv6_cidr_block": "::/0",
                "protocol": "-1",
                "rule_no": 101,
                "to_port": 0
              },
              {
                "action": "allow",
                "cidr_block": "0.0.0.0/0",
                "from_port": 0,
                "icmp_code": null,
                "icmp_type": null,
                "ipv6_cidr_block": "",
                "protocol": "-1",
                "rule_no": 100,
                "to_port": 0
              }
            ],
            "owner_id": "622623004059",
            "region": "us-east-1",
            "subnet_ids": [
              "subnet-00aafa9bf7b3c9e65",
              "subnet-022a8b63fb3ac146d",
              "subnet-03d99f96f68a329e8",
              "subnet-048fe0b87057fca26",
              "subnet-0eabe258009409f24",
              "subnet-0f6f15018592ebca7"
            ],
            "tags": {
              "Name": "funfarm-vpc-default"
            },
            "tags_all": {
              "Name": "funfarm-vpc-default"
            },
            "vpc_id": "vpc-0f6682535067d2e74"
          },
          "sensitive_attributes": [],
          "identity_schema_version": 0,
          "private": "bnVsbA==",
          "dependencies": [
            "module.security.module.vpc.aws_vpc.this"
          ],
          "create_before_destroy": true
        }
      ]
    },
    {
      "module": "module.security.module.vpc",
      "mode": "managed",
      "type": "aws_default_route_table",
      "name": "default",
      "provider": "provider[\"registry.terraform.io/hashicorp/aws\"]",
      "instances": [
        {
          "index_key": 0,
          "schema_version": 0,
          "attributes": {
            "arn": "arn:aws:ec2:us-east-1:622623004059:route-table/rtb-002dbdcd017b5ddb8",
            "default_route_table_id": "rtb-002dbdcd017b5ddb8",
            "id": "rtb-002dbdcd017b5ddb8",
            "owner_id": "622623004059",
            "propagating_vgws": null,
            "region": "us-east-1",
            "route": [],
            "tags": {
              "Name": "funfarm-vpc-default"
            },
            "tags_all": {
              "Name": "funfarm-vpc-default"
            },
            "timeouts": {
              "create": "5m",
              "update": "5m"
            },
            "vpc_id": "vpc-0f6682535067d2e74"
          },
          "sensitive_attributes": [],
          "identity_schema_version": 0,
          "private": "eyJlMmJmYjczMC1lY2FhLTExZTYtOGY4OC0zNDM2M2JjN2M0YzAiOnsiY3JlYXRlIjozMDAwMDAwMDAwMDAsInVwZGF0ZSI6MzAwMDAwMDAwMDAwfX0=",
          "dependencies": [
            "module.security.module.vpc.aws_vpc.this"
          ],
          "create_before_destroy": true
        }
      ]
    },
    {
      "module": "module.security.module.vpc",
      "mode": "managed",
      "type": "aws_default_security_group",
      "name": "this",
      "provider": "provider[\"registry.terraform.io/hashicorp/aws\"]",
      "instances": [
        {
          "index_key": 0,
          "schema_version": 1,
          "attributes": {
            "arn": "arn:aws:ec2:us-east-1:622623004059:security-group/sg-0fe8d782e24757b77",
            "description": "default VPC security group",
            "egress": [],
            "id": "sg-0fe8d782e24757b77",
            "ingress": [],
            "name": "default",
            "name_prefix": "",
            "owner_id": "622623004059",
            "region": "us-east-1",
            "revoke_rules_on_delete": false,
            "tags": {
              "Name": "funfarm-vpc-default"
            },
            "tags_all": {
              "Name": "funfarm-vpc-default"
            },
            "vpc_id": "vpc-0f6682535067d2e74"
          },
          "sensitive_attributes": [],
          "identity_schema_version": 0,
          "private": "eyJzY2hlbWFfdmVyc2lvbiI6IjEifQ==",
          "dependencies": [
            "module.security.module.vpc.aws_vpc.this"
          ],
          "create_before_destroy": true
        }
      ]
    },
    {
      "module": "module.security.module.vpc",
      "mode": "managed",
      "type": "aws_internet_gateway",
      "name": "this",
      "provider": "provider[\"registry.terraform.io/hashicorp/aws\"]",
      "instances": [
        {
          "index_key": 0,
          "schema_version": 0,
          "attributes": {
            "arn": "arn:aws:ec2:us-east-1:622623004059:internet-gateway/igw-02e0a6a7713583333",
            "id": "igw-02e0a6a7713583333",
            "owner_id": "622623004059",
            "region": "us-east-1",
            "tags": {
              "Name": "funfarm-vpc"
            },
            "tags_all": {
              "Name": "funfarm-vpc"
            },
            "timeouts": null,
            "vpc_id": "vpc-0f6682535067d2e74"
          },
          "sensitive_attributes": [],
          "identity_schema_version": 0,
          "identity": {
            "account_id": "622623004059",
            "id": "igw-02e0a6a7713583333",
            "region": "us-east-1"
          },
          "private": "eyJlMmJmYjczMC1lY2FhLTExZTYtOGY4OC0zNDM2M2JjN2M0YzAiOnsiY3JlYXRlIjoxMjAwMDAwMDAwMDAwLCJkZWxldGUiOjEyMDAwMDAwMDAwMDAsInVwZGF0ZSI6MTIwMDAwMDAwMDAwMH19",
          "dependencies": [
            "module.security.module.vpc.aws_vpc.this",
            "module.security.module.vpc.aws_vpc_ipv4_cidr_block_association.this"
          ],
          "create_before_destroy": true
        }
      ]
    },
    {
      "module": "module.security.module.vpc",
      "mode": "managed",
      "type": "aws_route",
      "name": "public_internet_gateway",
      "provider": "provider[\"registry.terraform.io/hashicorp/aws\"]",
      "instances": [
        {
          "index_key": 0,
          "schema_version": 0,
          "attributes": {
            "carrier_gateway_id": "",
            "core_network_arn": "",
            "destination_cidr_block": "0.0.0.0/0",
            "destination_ipv6_cidr_block": "",
            "destination_prefix_list_id": "",
            "egress_only_gateway_id": "",
            "gateway_id": "igw-02e0a6a7713583333",
            "id": "r-rtb-0a233b891cdba38b11080289494",
            "instance_id": "",
            "instance_owner_id": "",
            "local_gateway_id": "",
            "nat_gateway_id": "",
            "network_interface_id": "",
            "origin": "CreateRoute",
            "region": "us-east-1",
            "route_table_id": "rtb-0a233b891cdba38b1",
            "state": "active",
            "timeouts": {
              "create": "5m",
              "delete": null,
              "update": null
            },
            "transit_gateway_id": "",
            "vpc_endpoint_id": "",
            "vpc_peering_connection_id": ""
          },
          "sensitive_attributes": [],
          "identity_schema_version": 0,
          "identity": {
            "account_id": "622623004059",
            "destination_cidr_block": "0.0.0.0/0",
            "destination_ipv6_cidr_block": null,
            "destination_prefix_list_id": null,
            "region": "us-east-1",
            "route_table_id": "rtb-0a233b891cdba38b1"
          },
          "private": "eyJlMmJmYjczMC1lY2FhLTExZTYtOGY4OC0zNDM2M2JjN2M0YzAiOnsiY3JlYXRlIjozMDAwMDAwMDAwMDAsImRlbGV0ZSI6MzAwMDAwMDAwMDAwLCJ1cGRhdGUiOjEyMDAwMDAwMDAwMH19",
          "dependencies": [
            "module.security.data.aws_availability_zones.available",
            "module.security.module.vpc.aws_internet_gateway.this",
            "module.security.module.vpc.aws_route_table.public",
            "module.security.module.vpc.aws_vpc.this",
            "module.security.module.vpc.aws_vpc_ipv4_cidr_block_association.this"
          ],
          "create_before_destroy": true
        }
      ]
    },
    {
      "module": "module.security.module.vpc",
      "mode": "managed",
      "type": "aws_route_table",
      "name": "private",
      "provider": "provider[\"registry.terraform.io/hashicorp/aws\"]",
      "instances": [
        {
          "index_key": 0,
          "schema_version": 0,
          "attributes": {
            "arn": "arn:aws:ec2:us-east-1:622623004059:route-table/rtb-092da89906ddb7084",
            "id": "rtb-092da89906ddb7084",
            "owner_id": "622623004059",
            "propagating_vgws": [],
            "region": "us-east-1",
            "route": [],
            "tags": {
              "Name": "funfarm-vpc-private-us-east-1a"
            },
            "tags_all": {
              "Name": "funfarm-vpc-private-us-east-1a"
            },
            "timeouts": null,
            "vpc_id": "vpc-0f6682535067d2e74"
          },
          "sensitive_attributes": [],
          "identity_schema_version": 0,
          "identity": {
            "account_id": "622623004059",
            "id": "rtb-092da89906ddb7084",
            "region": "us-east-1"
          },
          "private": "eyJlMmJmYjczMC1lY2FhLTExZTYtOGY4OC0zNDM2M2JjN2M0YzAiOnsiY3JlYXRlIjozMDAwMDAwMDAwMDAsImRlbGV0ZSI6MzAwMDAwMDAwMDAwLCJ1cGRhdGUiOjEyMDAwMDAwMDAwMH19",
          "dependencies": [
            "module.security.data.aws_availability_zones.available",
            "module.security.module.vpc.aws_vpc.this",
            "module.security.module.vpc.aws_vpc_ipv4_cidr_block_association.this"
          ],
          "create_before_destroy": true
        },
        {
          "index_key": 1,
          "schema_version": 0,
          "attributes": {
            "arn": "arn:aws:ec2:us-east-1:622623004059:route-table/rtb-0e9dcc8f966c1f57b",
            "id": "rtb-0e9dcc8f966c1f57b",
            "owner_id": "622623004059",
            "propagating_vgws": [],
            "region": "us-east-1",
            "route": [],
            "tags": {
              "Name": "funfarm-vpc-private-us-east-1b"
            },
            "tags_all": {
              "Name": "funfarm-vpc-private-us-east-1b"
            },
            "timeouts": null,
            "vpc_id": "vpc-0f6682535067d2e74"
          },
          "sensitive_attributes": [],
          "identity_schema_version": 0,
          "identity": {
            "account_id": "622623004059",
            "id": "rtb-0e9dcc8f966c1f57b",
            "region": "us-east-1"
          },
          "private": "eyJlMmJmYjczMC1lY2FhLTExZTYtOGY4OC0zNDM2M2JjN2M0YzAiOnsiY3JlYXRlIjozMDAwMDAwMDAwMDAsImRlbGV0ZSI6MzAwMDAwMDAwMDAwLCJ1cGRhdGUiOjEyMDAwMDAwMDAwMH19",
          "dependencies": [
            "module.security.data.aws_availability_zones.available",
            "module.security.module.vpc.aws_vpc.this",
            "module.security.module.vpc.aws_vpc_ipv4_cidr_block_association.this"
          ],
          "create_before_destroy": true
        }
      ]
    },
    {
      "module": "module.security.module.vpc",
      "mode": "managed",
      "type": "aws_route_table",
      "name": "public",
      "provider": "provider[\"registry.terraform.io/hashicorp/aws\"]",
      "instances": [
        {
          "index_key": 0,
          "schema_version": 0,
          "attributes": {
            "arn": "arn:aws:ec2:us-east-1:622623004059:route-table/rtb-0a233b891cdba38b1",
            "id": "rtb-0a233b891cdba38b1",
            "owner_id": "622623004059",
            "propagating_vgws": [],
            "region": "us-east-1",
            "route": [],
            "tags": {
              "Name": "funfarm-vpc-public"
            },
            "tags_all": {
              "Name": "funfarm-vpc-public"
            },
            "timeouts": null,
            "vpc_id": "vpc-0f6682535067d2e74"
          },
          "sensitive_attributes": [],
          "identity_schema_version": 0,
          "identity": {
            "account_id": "622623004059",
            "id": "rtb-0a233b891cdba38b1",
            "region": "us-east-1"
          },
          "private": "eyJlMmJmYjczMC1lY2FhLTExZTYtOGY4OC0zNDM2M2JjN2M0YzAiOnsiY3JlYXRlIjozMDAwMDAwMDAwMDAsImRlbGV0ZSI6MzAwMDAwMDAwMDAwLCJ1cGRhdGUiOjEyMDAwMDAwMDAwMH19",
          "dependencies": [
            "module.security.data.aws_availability_zones.available",
            "module.security.module.vpc.aws_vpc.this",
            "module.security.module.vpc.aws_vpc_ipv4_cidr_block_association.this"
          ],
          "create_before_destroy": true
        }
      ]
    },
    {
      "module": "module.security.module.vpc",
      "mode": "managed",
      "type": "aws_route_table_association",
      "name": "database",
      "provider": "provider[\"registry.terraform.io/hashicorp/aws\"]",
      "instances": [
        {
          "index_key": 0,
          "schema_version": 0,
          "attributes": {
            "gateway_id": "",
            "id": "rtbassoc-0e9d695f32678d468",
            "region": "us-east-1",
            "route_table_id": "rtb-092da89906ddb7084",
            "subnet_id": "subnet-0f6f15018592ebca7",
            "timeouts": null
          },
          "sensitive_attributes": [],
          "identity_schema_version": 0,
          "identity": {
            "account_id": "622623004059",
            "id": "rtbassoc-0e9d695f32678d468",
            "region": "us-east-1"
          },
          "private": "eyJlMmJmYjczMC1lY2FhLTExZTYtOGY4OC0zNDM2M2JjN2M0YzAiOnsiY3JlYXRlIjozMDAwMDAwMDAwMDAsImRlbGV0ZSI6MzAwMDAwMDAwMDAwLCJ1cGRhdGUiOjEyMDAwMDAwMDAwMH19",
          "dependencies": [
            "module.security.data.aws_availability_zones.available",
            "module.security.module.vpc.aws_route_table.database",
            "module.security.module.vpc.aws_route_table.private",
            "module.security.module.vpc.aws_subnet.database",
            "module.security.module.vpc.aws_vpc.this",
            "module.security.module.vpc.aws_vpc_ipv4_cidr_block_association.this"
          ],
          "create_before_destroy": true
        },
        {
          "index_key": 1,
          "schema_version": 0,
          "attributes": {
            "gateway_id": "",
            "id": "rtbassoc-08f4308b8b978ffa4",
            "region": "us-east-1",
            "route_table_id": "rtb-0e9dcc8f966c1f57b",
            "subnet_id": "subnet-022a8b63fb3ac146d",
            "timeouts": null
          },
          "sensitive_attributes": [],
          "identity_schema_version": 0,
          "identity": {
            "account_id": "622623004059",
            "id": "rtbassoc-08f4308b8b978ffa4",
            "region": "us-east-1"
          },
          "private": "eyJlMmJmYjczMC1lY2FhLTExZTYtOGY4OC0zNDM2M2JjN2M0YzAiOnsiY3JlYXRlIjozMDAwMDAwMDAwMDAsImRlbGV0ZSI6MzAwMDAwMDAwMDAwLCJ1cGRhdGUiOjEyMDAwMDAwMDAwMH19",
          "dependencies": [
            "module.security.data.aws_availability_zones.available",
            "module.security.module.vpc.aws_route_table.database",
            "module.security.module.vpc.aws_route_table.private",
            "module.security.module.vpc.aws_subnet.database",
            "module.security.module.vpc.aws_vpc.this",
            "module.security.module.vpc.aws_vpc_ipv4_cidr_block_association.this"
          ],
          "create_before_destroy": true
        }
      ]
    },
    {
      "module": "module.security.module.vpc",
      "mode": "managed",
      "type": "aws_route_table_association",
      "name": "private",
      "provider": "provider[\"registry.terraform.io/hashicorp/aws\"]",
      "instances": [
        {
          "index_key": 0,
          "schema_version": 0,
          "attributes": {
            "gateway_id": "",
            "id": "rtbassoc-09f1d1650bf728088",
            "region": "us-east-1",
            "route_table_id": "rtb-092da89906ddb7084",
            "subnet_id": "subnet-03d99f96f68a329e8",
            "timeouts": null
          },
          "sensitive_attributes": [],
          "identity_schema_version": 0,
          "identity": {
            "account_id": "622623004059",
            "id": "rtbassoc-09f1d1650bf728088",
            "region": "us-east-1"
          },
          "private": "eyJlMmJmYjczMC1lY2FhLTExZTYtOGY4OC0zNDM2M2JjN2M0YzAiOnsiY3JlYXRlIjozMDAwMDAwMDAwMDAsImRlbGV0ZSI6MzAwMDAwMDAwMDAwLCJ1cGRhdGUiOjEyMDAwMDAwMDAwMH19",
          "dependencies": [
            "module.security.data.aws_availability_zones.available",
            "module.security.module.vpc.aws_route_table.private",
            "module.security.module.vpc.aws_subnet.private",
            "module.security.module.vpc.aws_vpc.this",
            "module.security.module.vpc.aws_vpc_ipv4_cidr_block_association.this"
          ],
          "create_before_destroy": true
        },
        {
          "index_key": 1,
          "schema_version": 0,
          "attributes": {
            "gateway_id": "",
            "id": "rtbassoc-0049664e1e6a2247a",
            "region": "us-east-1",
            "route_table_id": "rtb-0e9dcc8f966c1f57b",
            "subnet_id": "subnet-00aafa9bf7b3c9e65",
            "timeouts": null
          },
          "sensitive_attributes": [],
          "identity_schema_version": 0,
          "identity": {
            "account_id": "622623004059",
            "id": "rtbassoc-0049664e1e6a2247a",
            "region": "us-east-1"
          },
          "private": "eyJlMmJmYjczMC1lY2FhLTExZTYtOGY4OC0zNDM2M2JjN2M0YzAiOnsiY3JlYXRlIjozMDAwMDAwMDAwMDAsImRlbGV0ZSI6MzAwMDAwMDAwMDAwLCJ1cGRhdGUiOjEyMDAwMDAwMDAwMH19",
          "dependencies": [
            "module.security.data.aws_availability_zones.available",
            "module.security.module.vpc.aws_route_table.private",
            "module.security.module.vpc.aws_subnet.private",
            "module.security.module.vpc.aws_vpc.this",
            "module.security.module.vpc.aws_vpc_ipv4_cidr_block_association.this"
          ],
          "create_before_destroy": true
        }
      ]
    },
    {
      "module": "module.security.module.vpc",
      "mode": "managed",
      "type": "aws_route_table_association",
      "name": "public",
      "provider": "provider[\"registry.terraform.io/hashicorp/aws\"]",
      "instances": [
        {
          "index_key": 0,
          "schema_version": 0,
          "attributes": {
            "gateway_id": "",
            "id": "rtbassoc-0593787f55fe8ba66",
            "region": "us-east-1",
            "route_table_id": "rtb-0a233b891cdba38b1",
            "subnet_id": "subnet-0eabe258009409f24",
            "timeouts": null
          },
          "sensitive_attributes": [],
          "identity_schema_version": 0,
          "identity": {
            "account_id": "622623004059",
            "id": "rtbassoc-0593787f55fe8ba66",
            "region": "us-east-1"
          },
          "private": "eyJlMmJmYjczMC1lY2FhLTExZTYtOGY4OC0zNDM2M2JjN2M0YzAiOnsiY3JlYXRlIjozMDAwMDAwMDAwMDAsImRlbGV0ZSI6MzAwMDAwMDAwMDAwLCJ1cGRhdGUiOjEyMDAwMDAwMDAwMH19",
          "dependencies": [
            "module.security.data.aws_availability_zones.available",
            "module.security.module.vpc.aws_route_table.public",
            "module.security.module.vpc.aws_subnet.public",
            "module.security.module.vpc.aws_vpc.this",
            "module.security.module.vpc.aws_vpc_ipv4_cidr_block_association.this"
          ],
          "create_before_destroy": true
        },
        {
          "index_key": 1,
          "schema_version": 0,
          "attributes": {
            "gateway_id": "",
            "id": "rtbassoc-03a936606d959103d",
            "region": "us-east-1",
            "route_table_id": "rtb-0a233b891cdba38b1",
            "subnet_id": "subnet-048fe0b87057fca26",
            "timeouts": null
          },
          "sensitive_attributes": [],
          "identity_schema_version": 0,
          "identity": {
            "account_id": "622623004059",
            "id": "rtbassoc-03a936606d959103d",
            "region": "us-east-1"
          },
          "private": "eyJlMmJmYjczMC1lY2FhLTExZTYtOGY4OC0zNDM2M2JjN2M0YzAiOnsiY3JlYXRlIjozMDAwMDAwMDAwMDAsImRlbGV0ZSI6MzAwMDAwMDAwMDAwLCJ1cGRhdGUiOjEyMDAwMDAwMDAwMH19",
          "dependencies": [
            "module.security.data.aws_availability_zones.available",
            "module.security.module.vpc.aws_route_table.public",
            "module.security.module.vpc.aws_subnet.public",
            "module.security.module.vpc.aws_vpc.this",
            "module.security.module.vpc.aws_vpc_ipv4_cidr_block_association.this"
          ],
          "create_before_destroy": true
        }
      ]
    },
    {
      "module": "module.security.module.vpc",
      "mode": "managed",
      "type": "aws_subnet",
      "name": "database",
      "provider": "provider[\"registry.terraform.io/hashicorp/aws\"]",
      "instances": [
        {
          "index_key": 0,
          "schema_version": 1,
          "attributes": {
            "arn": "arn:aws:ec2:us-east-1:622623004059:subnet/subnet-0f6f15018592ebca7",
            "assign_ipv6_address_on_creation": false,
            "availability_zone": "us-east-1a",
            "availability_zone_id": "use1-az1",
            "cidr_block": "10.0.21.0/24",
            "customer_owned_ipv4_pool": "",
            "enable_dns64": false,
            "enable_lni_at_device_index": 0,
            "enable_resource_name_dns_a_record_on_launch": false,
            "enable_resource_name_dns_aaaa_record_on_launch": false,
            "id": "subnet-0f6f15018592ebca7",
            "ipv4_ipam_pool_id": null,
            "ipv4_netmask_length": null,
            "ipv6_cidr_block": "",
            "ipv6_cidr_block_association_id": "",
            "ipv6_ipam_pool_id": null,
            "ipv6_native": false,
            "ipv6_netmask_length": null,
            "map_customer_owned_ip_on_launch": false,
            "map_public_ip_on_launch": false,
            "outpost_arn": "",
            "owner_id": "622623004059",
            "private_dns_hostname_type_on_launch": "ip-name",
            "region": "us-east-1",
            "tags": {
              "Name": "funfarm-vpc-db-us-east-1a"
            },
            "tags_all": {
              "Name": "funfarm-vpc-db-us-east-1a"
            },
            "timeouts": null,
            "vpc_id": "vpc-0f6682535067d2e74"
          },
          "sensitive_attributes": [],
          "identity_schema_version": 0,
          "identity": {
            "account_id": "622623004059",
            "id": "subnet-0f6f15018592ebca7",
            "region": "us-east-1"
          },
          "private": "eyJlMmJmYjczMC1lY2FhLTExZTYtOGY4OC0zNDM2M2JjN2M0YzAiOnsiY3JlYXRlIjo2MDAwMDAwMDAwMDAsImRlbGV0ZSI6MTIwMDAwMDAwMDAwMH0sInNjaGVtYV92ZXJzaW9uIjoiMSJ9",
          "dependencies": [
            "module.security.data.aws_availability_zones.available",
            "module.security.module.vpc.aws_vpc.this",
            "module.security.module.vpc.aws_vpc_ipv4_cidr_block_association.this"
          ],
          "create_before_destroy": true
        },
        {
          "index_key": 1,
          "schema_version": 1,
          "attributes": {
            "arn": "arn:aws:ec2:us-east-1:622623004059:subnet/subnet-022a8b63fb3ac146d",
            "assign_ipv6_address_on_creation": false,
            "availability_zone": "us-east-1b",
            "availability_zone_id": "use1-az2",
            "cidr_block": "10.0.22.0/24",
            "customer_owned_ipv4_pool": "",
            "enable_dns64": false,
            "enable_lni_at_device_index": 0,
            "enable_resource_name_dns_a_record_on_launch": false,
            "enable_resource_name_dns_aaaa_record_on_launch": false,
            "id": "subnet-022a8b63fb3ac146d",
            "ipv4_ipam_pool_id": null,
            "ipv4_netmask_length": null,
            "ipv6_cidr_block": "",
            "ipv6_cidr_block_association_id": "",
            "ipv6_ipam_pool_id": null,
            "ipv6_native": false,
            "ipv6_netmask_length": null,
            "map_customer_owned_ip_on_launch": false,
            "map_public_ip_on_launch": false,
            "outpost_arn": "",
            "owner_id": "622623004059",
            "private_dns_hostname_type_on_launch": "ip-name",
            "region": "us-east-1",
            "tags": {
              "Name": "funfarm-vpc-db-us-east-1b"
            },
            "tags_all": {
              "Name": "funfarm-vpc-db-us-east-1b"
            },
            "timeouts": null,
            "vpc_id": "vpc-0f6682535067d2e74"
          },
          "sensitive_attributes": [],
          "identity_schema_version": 0,
          "identity": {
            "account_id": "622623004059",
            "id": "subnet-022a8b63fb3ac146d",
            "region": "us-east-1"
          },
          "private": "eyJlMmJmYjczMC1lY2FhLTExZTYtOGY4OC0zNDM2M2JjN2M0YzAiOnsiY3JlYXRlIjo2MDAwMDAwMDAwMDAsImRlbGV0ZSI6MTIwMDAwMDAwMDAwMH0sInNjaGVtYV92ZXJzaW9uIjoiMSJ9",
          "dependencies": [
            "module.security.data.aws_availability_zones.available",
            "module.security.module.vpc.aws_vpc.this",
            "module.security.module.vpc.aws_vpc_ipv4_cidr_block_association.this"
          ],
          "create_before_destroy": true
        }
      ]
    },
    {
      "module": "module.security.module.vpc",
      "mode": "managed",
      "type": "aws_subnet",
      "name": "private",
      "provider": "provider[\"registry.terraform.io/hashicorp/aws\"]",
      "instances": [
        {
          "index_key": 0,
          "schema_version": 1,
          "attributes": {
            "arn": "arn:aws:ec2:us-east-1:622623004059:subnet/subnet-03d99f96f68a329e8",
            "assign_ipv6_address_on_creation": false,
            "availability_zone": "us-east-1a",
            "availability_zone_id": "use1-az1",
            "cidr_block": "10.0.11.0/24",
            "customer_owned_ipv4_pool": "",
            "enable_dns64": false,
            "enable_lni_at_device_index": 0,
            "enable_resource_name_dns_a_record_on_launch": false,
            "enable_resource_name_dns_aaaa_record_on_launch": false,
            "id": "subnet-03d99f96f68a329e8",
            "ipv4_ipam_pool_id": null,
            "ipv4_netmask_length": null,
            "ipv6_cidr_block": "",
            "ipv6_cidr_block_association_id": "",
            "ipv6_ipam_pool_id": null,
            "ipv6_native": false,
            "ipv6_netmask_length": null,
            "map_customer_owned_ip_on_launch": false,
            "map_public_ip_on_launch": false,
            "outpost_arn": "",
            "owner_id": "622623004059",
            "private_dns_hostname_type_on_launch": "ip-name",
            "region": "us-east-1",
            "tags": {
              "Name": "funfarm-vpc-private-us-east-1a"
            },
            "tags_all": {
              "Name": "funfarm-vpc-private-us-east-1a"
            },
            "timeouts": null,
            "vpc_id": "vpc-0f6682535067d2e74"
          },
          "sensitive_attributes": [],
          "identity_schema_version": 0,
          "identity": {
            "account_id": "622623004059",
            "id": "subnet-03d99f96f68a329e8",
            "region": "us-east-1"
          },
          "private": "eyJlMmJmYjczMC1lY2FhLTExZTYtOGY4OC0zNDM2M2JjN2M0YzAiOnsiY3JlYXRlIjo2MDAwMDAwMDAwMDAsImRlbGV0ZSI6MTIwMDAwMDAwMDAwMH0sInNjaGVtYV92ZXJzaW9uIjoiMSJ9",
          "dependencies": [
            "module.security.data.aws_availability_zones.available",
            "module.security.module.vpc.aws_vpc.this",
            "module.security.module.vpc.aws_vpc_ipv4_cidr_block_association.this"
          ],
          "create_before_destroy": true
        },
        {
          "index_key": 1,
          "schema_version": 1,
          "attributes": {
            "arn": "arn:aws:ec2:us-east-1:622623004059:subnet/subnet-00aafa9bf7b3c9e65",
            "assign_ipv6_address_on_creation": false,
            "availability_zone": "us-east-1b",
            "availability_zone_id": "use1-az2",
            "cidr_block": "10.0.12.0/24",
            "customer_owned_ipv4_pool": "",
            "enable_dns64": false,
            "enable_lni_at_device_index": 0,
            "enable_resource_name_dns_a_record_on_launch": false,
            "enable_resource_name_dns_aaaa_record_on_launch": false,
            "id": "subnet-00aafa9bf7b3c9e65",
            "ipv4_ipam_pool_id": null,
            "ipv4_netmask_length": null,
            "ipv6_cidr_block": "",
            "ipv6_cidr_block_association_id": "",
            "ipv6_ipam_pool_id": null,
            "ipv6_native": false,
            "ipv6_netmask_length": null,
            "map_customer_owned_ip_on_launch": false,
            "map_public_ip_on_launch": false,
            "outpost_arn": "",
            "owner_id": "622623004059",
            "private_dns_hostname_type_on_launch": "ip-name",
            "region": "us-east-1",
            "tags": {
              "Name": "funfarm-vpc-private-us-east-1b"
            },
            "tags_all": {
              "Name": "funfarm-vpc-private-us-east-1b"
            },
            "timeouts": null,
            "vpc_id": "vpc-0f6682535067d2e74"
          },
          "sensitive_attributes": [],
          "identity_schema_version": 0,
          "identity": {
            "account_id": "622623004059",
            "id": "subnet-00aafa9bf7b3c9e65",
            "region": "us-east-1"
          },
          "private": "eyJlMmJmYjczMC1lY2FhLTExZTYtOGY4OC0zNDM2M2JjN2M0YzAiOnsiY3JlYXRlIjo2MDAwMDAwMDAwMDAsImRlbGV0ZSI6MTIwMDAwMDAwMDAwMH0sInNjaGVtYV92ZXJzaW9uIjoiMSJ9",
          "dependencies": [
            "module.security.data.aws_availability_zones.available",
            "module.security.module.vpc.aws_vpc.this",
            "module.security.module.vpc.aws_vpc_ipv4_cidr_block_association.this"
          ],
          "create_before_destroy": true
        }
      ]
    },
    {
      "module": "module.security.module.vpc",
      "mode": "managed",
      "type": "aws_subnet",
      "name": "public",
      "provider": "provider[\"registry.terraform.io/hashicorp/aws\"]",
      "instances": [
        {
          "index_key": 0,
          "schema_version": 1,
          "attributes": {
            "arn": "arn:aws:ec2:us-east-1:622623004059:subnet/subnet-0eabe258009409f24",
            "assign_ipv6_address_on_creation": false,
            "availability_zone": "us-east-1a",
            "availability_zone_id": "use1-az1",
            "cidr_block": "10.0.1.0/24",
            "customer_owned_ipv4_pool": "",
            "enable_dns64": false,
            "enable_lni_at_device_index": 0,
            "enable_resource_name_dns_a_record_on_launch": false,
            "enable_resource_name_dns_aaaa_record_on_launch": false,
            "id": "subnet-0eabe258009409f24",
            "ipv4_ipam_pool_id": null,
            "ipv4_netmask_length": null,
            "ipv6_cidr_block": "",
            "ipv6_cidr_block_association_id": "",
            "ipv6_ipam_pool_id": null,
            "ipv6_native": false,
            "ipv6_netmask_length": null,
            "map_customer_owned_ip_on_launch": false,
            "map_public_ip_on_launch": false,
            "outpost_arn": "",
            "owner_id": "622623004059",
            "private_dns_hostname_type_on_launch": "ip-name",
            "region": "us-east-1",
            "tags": {
              "Name": "funfarm-vpc-public-us-east-1a"
            },
            "tags_all": {
              "Name": "funfarm-vpc-public-us-east-1a"
            },
            "timeouts": null,
            "vpc_id": "vpc-0f6682535067d2e74"
          },
          "sensitive_attributes": [],
          "identity_schema_version": 0,
          "identity": {
            "account_id": "622623004059",
            "id": "subnet-0eabe258009409f24",
            "region": "us-east-1"
          },
          "private": "eyJlMmJmYjczMC1lY2FhLTExZTYtOGY4OC0zNDM2M2JjN2M0YzAiOnsiY3JlYXRlIjo2MDAwMDAwMDAwMDAsImRlbGV0ZSI6MTIwMDAwMDAwMDAwMH0sInNjaGVtYV92ZXJzaW9uIjoiMSJ9",
          "dependencies": [
            "module.security.data.aws_availability_zones.available",
            "module.security.module.vpc.aws_vpc.this",
            "module.security.module.vpc.aws_vpc_ipv4_cidr_block_association.this"
          ],
          "create_before_destroy": true
        },
        {
          "index_key": 1,
          "schema_version": 1,
          "attributes": {
            "arn": "arn:aws:ec2:us-east-1:622623004059:subnet/subnet-048fe0b87057fca26",
            "assign_ipv6_address_on_creation": false,
            "availability_zone": "us-east-1b",
            "availability_zone_id": "use1-az2",
            "cidr_block": "10.0.2.0/24",
            "customer_owned_ipv4_pool": "",
            "enable_dns64": false,
            "enable_lni_at_device_index": 0,
            "enable_resource_name_dns_a_record_on_launch": false,
            "enable_resource_name_dns_aaaa_record_on_launch": false,
            "id": "subnet-048fe0b87057fca26",
            "ipv4_ipam_pool_id": null,
            "ipv4_netmask_length": null,
            "ipv6_cidr_block": "",
            "ipv6_cidr_block_association_id": "",
            "ipv6_ipam_pool_id": null,
            "ipv6_native": false,
            "ipv6_netmask_length": null,
            "map_customer_owned_ip_on_launch": false,
            "map_public_ip_on_launch": false,
            "outpost_arn": "",
            "owner_id": "622623004059",
            "private_dns_hostname_type_on_launch": "ip-name",
            "region": "us-east-1",
            "tags": {
              "Name": "funfarm-vpc-public-us-east-1b"
            },
            "tags_all": {
              "Name": "funfarm-vpc-public-us-east-1b"
            },
            "timeouts": null,
            "vpc_id": "vpc-0f6682535067d2e74"
          },
          "sensitive_attributes": [],
          "identity_schema_version": 0,
          "identity": {
            "account_id": "622623004059",
            "id": "subnet-048fe0b87057fca26",
            "region": "us-east-1"
          },
          "private": "eyJlMmJmYjczMC1lY2FhLTExZTYtOGY4OC0zNDM2M2JjN2M0YzAiOnsiY3JlYXRlIjo2MDAwMDAwMDAwMDAsImRlbGV0ZSI6MTIwMDAwMDAwMDAwMH0sInNjaGVtYV92ZXJzaW9uIjoiMSJ9",
          "dependencies": [
            "module.security.data.aws_availability_zones.available",
            "module.security.module.vpc.aws_vpc.this",
            "module.security.module.vpc.aws_vpc_ipv4_cidr_block_association.this"
          ],
          "create_before_destroy": true
        }
      ]
    },
    {
      "module": "module.security.module.vpc",
      "mode": "managed",
      "type": "aws_vpc",
      "name": "this",
      "provider": "provider[\"registry.terraform.io/hashicorp/aws\"]",
      "instances": [
        {
          "index_key": 0,
          "schema_version": 1,
          "attributes": {
            "arn": "arn:aws:ec2:us-east-1:622623004059:vpc/vpc-0f6682535067d2e74",
            "assign_generated_ipv6_cidr_block": false,
            "cidr_block": "10.0.0.0/16",
            "default_network_acl_id": "acl-0091d69b84e335f0d",
            "default_route_table_id": "rtb-002dbdcd017b5ddb8",
            "default_security_group_id": "sg-0fe8d782e24757b77",
            "dhcp_options_id": "dopt-0528cf1cfd539640e",
            "enable_dns_hostnames": true,
            "enable_dns_support": true,
            "enable_network_address_usage_metrics": false,
            "id": "vpc-0f6682535067d2e74",
            "instance_tenancy": "default",
            "ipv4_ipam_pool_id": null,
            "ipv4_netmask_length": null,
            "ipv6_association_id": "",
            "ipv6_cidr_block": "",
            "ipv6_cidr_block_network_border_group": "",
            "ipv6_ipam_pool_id": "",
            "ipv6_netmask_length": 0,
            "main_route_table_id": "rtb-002dbdcd017b5ddb8",
            "owner_id": "622623004059",
            "region": "us-east-1",
            "tags": {
              "Name": "funfarm-vpc"
            },
            "tags_all": {
              "Name": "funfarm-vpc"
            }
          },
          "sensitive_attributes": [],
          "identity_schema_version": 0,
          "identity": {
            "account_id": "622623004059",
            "id": "vpc-0f6682535067d2e74",
            "region": "us-east-1"
          },
          "private": "eyJzY2hlbWFfdmVyc2lvbiI6IjEifQ==",
          "create_before_destroy": true
        }
      ]
    },
    {
      "module": "module.security.module.vpc_endpoints",
      "mode": "data",
      "type": "aws_vpc_endpoint_service",
      "name": "this",
      "provider": "provider[\"registry.terraform.io/hashicorp/aws\"]",
      "instances": [
        {
          "index_key": "ecr_api",
          "schema_version": 0,
          "attributes": {
            "acceptance_required": false,
            "arn": "arn:aws:ec2:us-east-1:622623004059:vpc-endpoint-service/vpce-svc-064848ef1a755926c",
            "availability_zones": [
              "us-east-1a",
              "us-east-1b",
              "us-east-1c",
              "us-east-1d",
              "us-east-1e",
              "us-east-1f"
            ],
            "base_endpoint_dns_names": [
              "api.ecr.us-east-1.vpce.amazonaws.com"
            ],
            "filter": [
              {
                "name": "service-type",
                "values": [
                  "Interface"
                ]
              }
            ],
            "id": "1808222790",
            "manages_vpc_endpoints": false,
            "owner": "amazon",
            "private_dns_name": "api.ecr.us-east-1.amazonaws.com",
            "private_dns_names": [
              "api.ecr.us-east-1.amazonaws.com",
              "ecr.us-east-1.api.aws"
            ],
            "region": "us-east-1",
            "service": "ecr.api",
            "service_id": "vpce-svc-064848ef1a755926c",
            "service_name": "com.amazonaws.us-east-1.ecr.api",
            "service_region": "us-east-1",
            "service_regions": null,
            "service_type": "Interface",
            "supported_ip_address_types": [
              "ipv4",
              "ipv6"
            ],
            "tags": {},
            "timeouts": null,
            "vpc_endpoint_policy_supported": true
          },
          "sensitive_attributes": [],
          "identity_schema_version": 0
        },
        {
          "index_key": "ecr_dkr",
          "schema_version": 0,
          "attributes": {
            "acceptance_required": false,
            "arn": "arn:aws:ec2:us-east-1:622623004059:vpc-endpoint-service/vpce-svc-05ed6950f95271047",
            "availability_zones": [
              "us-east-1a",
              "us-east-1b",
              "us-east-1c",
              "us-east-1d",
              "us-east-1e",
              "us-east-1f"
            ],
            "base_endpoint_dns_names": [
              "dkr.ecr.us-east-1.vpce.amazonaws.com"
            ],
            "filter": [
              {
                "name": "service-type",
                "values": [
                  "Interface"
                ]
              }
            ],
            "id": "1314884315",
            "manages_vpc_endpoints": false,
            "owner": "amazon",
            "private_dns_name": "*.dkr.ecr.us-east-1.amazonaws.com",
            "private_dns_names": [
              "*.dkr-ecr.us-east-1.on.aws",
              "*.dkr.ecr.us-east-1.amazonaws.com"
            ],
            "region": "us-east-1",
            "service": "ecr.dkr",
            "service_id": "vpce-svc-05ed6950f95271047",
            "service_name": "com.amazonaws.us-east-1.ecr.dkr",
            "service_region": "us-east-1",
            "service_regions": null,
            "service_type": "Interface",
            "supported_ip_address_types": [
              "ipv4",
              "ipv6"
            ],
            "tags": {},
            "timeouts": null,
            "vpc_endpoint_policy_supported": true
          },
          "sensitive_attributes": [],
          "identity_schema_version": 0
        },
        {
          "index_key": "logs",
          "schema_version": 0,
          "attributes": {
            "acceptance_required": false,
            "arn": "arn:aws:ec2:us-east-1:622623004059:vpc-endpoint-service/vpce-svc-01b9c19d13faf4f62",
            "availability_zones": [
              "us-east-1a",
              "us-east-1b",
              "us-east-1c",
              "us-east-1d",
              "us-east-1e",
              "us-east-1f"
            ],
            "base_endpoint_dns_names": [
              "logs.us-east-1.vpce.amazonaws.com"
            ],
            "filter": [
              {
                "name": "service-type",
                "values": [
                  "Interface"
                ]
              }
            ],
            "id": "653499976",
            "manages_vpc_endpoints": false,
            "owner": "amazon",
            "private_dns_name": "logs.us-east-1.amazonaws.com",
            "private_dns_names": [
              "logs.us-east-1.amazonaws.com",
              "logs.us-east-1.api.aws",
              "streaming-logs.us-east-1.amazonaws.com",
              "streaming-logs.us-east-1.api.aws"
            ],
            "region": "us-east-1",
            "service": "logs",
            "service_id": "vpce-svc-01b9c19d13faf4f62",
            "service_name": "com.amazonaws.us-east-1.logs",
            "service_region": "us-east-1",
            "service_regions": null,
            "service_type": "Interface",
            "supported_ip_address_types": [
              "ipv4",
              "ipv6"
            ],
            "tags": {},
            "timeouts": null,
            "vpc_endpoint_policy_supported": true
          },
          "sensitive_attributes": [],
          "identity_schema_version": 0
        },
        {
          "index_key": "secretsmanager",
          "schema_version": 0,
          "attributes": {
            "acceptance_required": false,
            "arn": "arn:aws:ec2:us-east-1:622623004059:vpc-endpoint-service/vpce-svc-07ba2575bd2f07864",
            "availability_zones": [
              "us-east-1a",
              "us-east-1b",
              "us-east-1c",
              "us-east-1d",
              "us-east-1e",
              "us-east-1f"
            ],
            "base_endpoint_dns_names": [
              "secretsmanager.us-east-1.vpce.amazonaws.com"
            ],
            "filter": [
              {
                "name": "service-type",
                "values": [
                  "Interface"
                ]
              }
            ],
            "id": "2799604443",
            "manages_vpc_endpoints": false,
            "owner": "amazon",
            "private_dns_name": "secretsmanager.us-east-1.amazonaws.com",
            "private_dns_names": [
              "secretsmanager.us-east-1.amazonaws.com"
            ],
            "region": "us-east-1",
            "service": "secretsmanager",
            "service_id": "vpce-svc-07ba2575bd2f07864",
            "service_name": "com.amazonaws.us-east-1.secretsmanager",
            "service_region": "us-east-1",
            "service_regions": null,
            "service_type": "Interface",
            "supported_ip_address_types": [
              "ipv4",
              "ipv6"
            ],
            "tags": {},
            "timeouts": null,
            "vpc_endpoint_policy_supported": true
          },
          "sensitive_attributes": [],
          "identity_schema_version": 0
        }
      ]
    },
    {
      "module": "module.security.module.vpc_endpoints",
      "mode": "managed",
      "type": "aws_vpc_endpoint",
      "name": "this",
      "provider": "provider[\"registry.terraform.io/hashicorp/aws\"]",
      "instances": [
        {
          "index_key": "ecr_api",
          "schema_version": 0,
          "attributes": {
            "arn": "arn:aws:ec2:us-east-1:622623004059:vpc-endpoint/vpce-077d0ae4080629828",
            "auto_accept": null,
            "cidr_blocks": [],
            "dns_entry": [
              {
                "dns_name": "vpce-077d0ae4080629828-4i1dar93.api.ecr.us-east-1.vpce.amazonaws.com",
                "hosted_zone_id": "Z7HUB22UULQXV"
              },
              {
                "dns_name": "vpce-077d0ae4080629828-4i1dar93-us-east-1a.api.ecr.us-east-1.vpce.amazonaws.com",
                "hosted_zone_id": "Z7HUB22UULQXV"
              },
              {
                "dns_name": "vpce-077d0ae4080629828-4i1dar93-us-east-1b.api.ecr.us-east-1.vpce.amazonaws.com",
                "hosted_zone_id": "Z7HUB22UULQXV"
              },
              {
                "dns_name": "api.ecr.us-east-1.amazonaws.com",
                "hosted_zone_id": "Z04881222G09ROYB1O2PW"
              },
              {
                "dns_name": "ecr.us-east-1.api.aws",
                "hosted_zone_id": "Z023494932XCY0SAFPYM0"
              }
            ],
            "dns_options": [
              {
                "dns_record_ip_type": "ipv4",
                "private_dns_only_for_inbound_resolver_endpoint": false,
                "private_dns_preference": "",
                "private_dns_specified_domains": []
              }
            ],
            "id": "vpce-077d0ae4080629828",
            "ip_address_type": "ipv4",
            "network_interface_ids": [
              "eni-099ce92f914da3e2d",
              "eni-0db7e6c8ddeb9b53c"
            ],
            "owner_id": "622623004059",
            "policy": "{\"Statement\":[{\"Action\":\"*\",\"Effect\":\"Allow\",\"Principal\":\"*\",\"Resource\":\"*\"}]}",
            "prefix_list_id": null,
            "private_dns_enabled": true,
            "region": "us-east-1",
            "requester_managed": false,
            "resource_configuration_arn": "",
            "route_table_ids": [],
            "security_group_ids": [
              "sg-0ff5830e5278e3268"
            ],
            "service_name": "com.amazonaws.us-east-1.ecr.api",
            "service_network_arn": "",
            "service_region": "us-east-1",
            "state": "available",
            "subnet_configuration": [
              {
                "ipv4": "10.0.11.209",
                "ipv6": "",
                "subnet_id": "subnet-03d99f96f68a329e8"
              },
              {
                "ipv4": "10.0.12.67",
                "ipv6": "",
                "subnet_id": "subnet-00aafa9bf7b3c9e65"
              }
            ],
            "subnet_ids": [
              "subnet-00aafa9bf7b3c9e65",
              "subnet-03d99f96f68a329e8"
            ],
            "tags": {
              "Name": "ecr_api"
            },
            "tags_all": {
              "Name": "ecr_api"
            },
            "timeouts": {
              "create": "10m",
              "delete": "10m",
              "update": "10m"
            },
            "vpc_endpoint_type": "Interface",
            "vpc_id": "vpc-0f6682535067d2e74"
          },
          "sensitive_attributes": [],
          "identity_schema_version": 0,
          "identity": {
            "account_id": "622623004059",
            "id": "vpce-077d0ae4080629828",
            "region": "us-east-1"
          },
          "private": "eyJlMmJmYjczMC1lY2FhLTExZTYtOGY4OC0zNDM2M2JjN2M0YzAiOnsiY3JlYXRlIjo2MDAwMDAwMDAwMDAsImRlbGV0ZSI6NjAwMDAwMDAwMDAwLCJ1cGRhdGUiOjYwMDAwMDAwMDAwMH19",
          "dependencies": [
            "module.security.aws_security_group.alb_sg",
            "module.security.aws_security_group.app_sg",
            "module.security.aws_security_group.vpc_endpoints_sg",
            "module.security.data.aws_availability_zones.available",
            "module.security.module.vpc.aws_cloudwatch_log_group.flow_log",
            "module.security.module.vpc.aws_customer_gateway.this",
            "module.security.module.vpc.aws_db_subnet_group.database",
            "module.security.module.vpc.aws_default_network_acl.this",
            "module.security.module.vpc.aws_default_route_table.default",
            "module.security.module.vpc.aws_default_security_group.this",
            "module.security.module.vpc.aws_default_vpc.this",
            "module.security.module.vpc.aws_egress_only_internet_gateway.this",
            "module.security.module.vpc.aws_eip.nat",
            "module.security.module.vpc.aws_elasticache_subnet_group.elasticache",
            "module.security.module.vpc.aws_flow_log.this",
            "module.security.module.vpc.aws_iam_policy.vpc_flow_log_cloudwatch",
            "module.security.module.vpc.aws_iam_role.vpc_flow_log_cloudwatch",
            "module.security.module.vpc.aws_iam_role_policy_attachment.vpc_flow_log_cloudwatch",
            "module.security.module.vpc.aws_internet_gateway.this",
            "module.security.module.vpc.aws_nat_gateway.this",
            "module.security.module.vpc.aws_network_acl.database",
            "module.security.module.vpc.aws_network_acl.elasticache",
            "module.security.module.vpc.aws_network_acl.intra",
            "module.security.module.vpc.aws_network_acl.outpost",
            "module.security.module.vpc.aws_network_acl.private",
            "module.security.module.vpc.aws_network_acl.public",
            "module.security.module.vpc.aws_network_acl.redshift",
            "module.security.module.vpc.aws_network_acl_rule.database_inbound",
            "module.security.module.vpc.aws_network_acl_rule.database_outbound",
            "module.security.module.vpc.aws_network_acl_rule.elasticache_inbound",
            "module.security.module.vpc.aws_network_acl_rule.elasticache_outbound",
            "module.security.module.vpc.aws_network_acl_rule.intra_inbound",
            "module.security.module.vpc.aws_network_acl_rule.intra_outbound",
            "module.security.module.vpc.aws_network_acl_rule.outpost_inbound",
            "module.security.module.vpc.aws_network_acl_rule.outpost_outbound",
            "module.security.module.vpc.aws_network_acl_rule.private_inbound",
            "module.security.module.vpc.aws_network_acl_rule.private_outbound",
            "module.security.module.vpc.aws_network_acl_rule.public_inbound",
            "module.security.module.vpc.aws_network_acl_rule.public_outbound",
            "module.security.module.vpc.aws_network_acl_rule.redshift_inbound",
            "module.security.module.vpc.aws_network_acl_rule.redshift_outbound",
            "module.security.module.vpc.aws_redshift_subnet_group.redshift",
            "module.security.module.vpc.aws_route.database_dns64_nat_gateway",
            "module.security.module.vpc.aws_route.database_internet_gateway",
            "module.security.module.vpc.aws_route.database_ipv6_egress",
            "module.security.module.vpc.aws_route.database_nat_gateway",
            "module.security.module.vpc.aws_route.private_dns64_nat_gateway",
            "module.security.module.vpc.aws_route.private_ipv6_egress",
            "module.security.module.vpc.aws_route.private_nat_gateway",
            "module.security.module.vpc.aws_route.public_internet_gateway",
            "module.security.module.vpc.aws_route.public_internet_gateway_ipv6",
            "module.security.module.vpc.aws_route_table.database",
            "module.security.module.vpc.aws_route_table.elasticache",
            "module.security.module.vpc.aws_route_table.intra",
            "module.security.module.vpc.aws_route_table.private",
            "module.security.module.vpc.aws_route_table.public",
            "module.security.module.vpc.aws_route_table.redshift",
            "module.security.module.vpc.aws_route_table_association.database",
            "module.security.module.vpc.aws_route_table_association.elasticache",
            "module.security.module.vpc.aws_route_table_association.intra",
            "module.security.module.vpc.aws_route_table_association.outpost",
            "module.security.module.vpc.aws_route_table_association.private",
            "module.security.module.vpc.aws_route_table_association.public",
            "module.security.module.vpc.aws_route_table_association.redshift",
            "module.security.module.vpc.aws_route_table_association.redshift_public",
            "module.security.module.vpc.aws_subnet.database",
            "module.security.module.vpc.aws_subnet.elasticache",
            "module.security.module.vpc.aws_subnet.intra",
            "module.security.module.vpc.aws_subnet.outpost",
            "module.security.module.vpc.aws_subnet.private",
            "module.security.module.vpc.aws_subnet.public",
            "module.security.module.vpc.aws_subnet.redshift",
            "module.security.module.vpc.aws_vpc.this",
            "module.security.module.vpc.aws_vpc_block_public_access_exclusion.this",
            "module.security.module.vpc.aws_vpc_block_public_access_options.this",
            "module.security.module.vpc.aws_vpc_dhcp_options.this",
            "module.security.module.vpc.aws_vpc_dhcp_options_association.this",
            "module.security.module.vpc.aws_vpc_ipv4_cidr_block_association.this",
            "module.security.module.vpc.aws_vpn_gateway.this",
            "module.security.module.vpc.aws_vpn_gateway_attachment.this",
            "module.security.module.vpc.aws_vpn_gateway_route_propagation.intra",
            "module.security.module.vpc.aws_vpn_gateway_route_propagation.private",
            "module.security.module.vpc.aws_vpn_gateway_route_propagation.public",
            "module.security.module.vpc.data.aws_caller_identity.current",
            "module.security.module.vpc.data.aws_iam_policy_document.flow_log_cloudwatch_assume_role",
            "module.security.module.vpc.data.aws_iam_policy_document.vpc_flow_log_cloudwatch",
            "module.security.module.vpc.data.aws_partition.current",
            "module.security.module.vpc.data.aws_region.current",
            "module.security.module.vpc_endpoints.aws_security_group.this",
            "module.security.module.vpc_endpoints.data.aws_vpc_endpoint_service.this"
          ]
        },
        {
          "index_key": "ecr_dkr",
          "schema_version": 0,
          "attributes": {
            "arn": "arn:aws:ec2:us-east-1:622623004059:vpc-endpoint/vpce-0b1cdf01366769b37",
            "auto_accept": null,
            "cidr_blocks": [],
            "dns_entry": [
              {
                "dns_name": "vpce-0b1cdf01366769b37-odilh4kt.dkr.ecr.us-east-1.vpce.amazonaws.com",
                "hosted_zone_id": "Z7HUB22UULQXV"
              },
              {
                "dns_name": "vpce-0b1cdf01366769b37-odilh4kt-us-east-1b.dkr.ecr.us-east-1.vpce.amazonaws.com",
                "hosted_zone_id": "Z7HUB22UULQXV"
              },
              {
                "dns_name": "vpce-0b1cdf01366769b37-odilh4kt-us-east-1a.dkr.ecr.us-east-1.vpce.amazonaws.com",
                "hosted_zone_id": "Z7HUB22UULQXV"
              },
              {
                "dns_name": "dkr.ecr.us-east-1.amazonaws.com",
                "hosted_zone_id": "Z03398432IQN5TPCX27YB"
              },
              {
                "dns_name": "*.dkr.ecr.us-east-1.amazonaws.com",
                "hosted_zone_id": "Z03398432IQN5TPCX27YB"
              },
              {
                "dns_name": "dkr-ecr.us-east-1.on.aws",
                "hosted_zone_id": "Z03159603L742QIRWTYVR"
              },
              {
                "dns_name": "*.dkr-ecr.us-east-1.on.aws",
                "hosted_zone_id": "Z03159603L742QIRWTYVR"
              }
            ],
            "dns_options": [
              {
                "dns_record_ip_type": "ipv4",
                "private_dns_only_for_inbound_resolver_endpoint": false,
                "private_dns_preference": "",
                "private_dns_specified_domains": []
              }
            ],
            "id": "vpce-0b1cdf01366769b37",
            "ip_address_type": "ipv4",
            "network_interface_ids": [
              "eni-0910e00ede7dee8d9",
              "eni-0f56fbc371676ade4"
            ],
            "owner_id": "622623004059",
            "policy": "{\"Statement\":[{\"Action\":\"*\",\"Effect\":\"Allow\",\"Principal\":\"*\",\"Resource\":\"*\"}]}",
            "prefix_list_id": null,
            "private_dns_enabled": true,
            "region": "us-east-1",
            "requester_managed": false,
            "resource_configuration_arn": "",
            "route_table_ids": [],
            "security_group_ids": [
              "sg-0ff5830e5278e3268"
            ],
            "service_name": "com.amazonaws.us-east-1.ecr.dkr",
            "service_network_arn": "",
            "service_region": "us-east-1",
            "state": "available",
            "subnet_configuration": [
              {
                "ipv4": "10.0.11.247",
                "ipv6": "",
                "subnet_id": "subnet-03d99f96f68a329e8"
              },
              {
                "ipv4": "10.0.12.80",
                "ipv6": "",
                "subnet_id": "subnet-00aafa9bf7b3c9e65"
              }
            ],
            "subnet_ids": [
              "subnet-00aafa9bf7b3c9e65",
              "subnet-03d99f96f68a329e8"
            ],
            "tags": {
              "Name": "ecr_dkr"
            },
            "tags_all": {
              "Name": "ecr_dkr"
            },
            "timeouts": {
              "create": "10m",
              "delete": "10m",
              "update": "10m"
            },
            "vpc_endpoint_type": "Interface",
            "vpc_id": "vpc-0f6682535067d2e74"
          },
          "sensitive_attributes": [],
          "identity_schema_version": 0,
          "identity": {
            "account_id": "622623004059",
            "id": "vpce-0b1cdf01366769b37",
            "region": "us-east-1"
          },
          "private": "eyJlMmJmYjczMC1lY2FhLTExZTYtOGY4OC0zNDM2M2JjN2M0YzAiOnsiY3JlYXRlIjo2MDAwMDAwMDAwMDAsImRlbGV0ZSI6NjAwMDAwMDAwMDAwLCJ1cGRhdGUiOjYwMDAwMDAwMDAwMH19",
          "dependencies": [
            "module.security.aws_security_group.alb_sg",
            "module.security.aws_security_group.app_sg",
            "module.security.aws_security_group.vpc_endpoints_sg",
            "module.security.data.aws_availability_zones.available",
            "module.security.module.vpc.aws_cloudwatch_log_group.flow_log",
            "module.security.module.vpc.aws_customer_gateway.this",
            "module.security.module.vpc.aws_db_subnet_group.database",
            "module.security.module.vpc.aws_default_network_acl.this",
            "module.security.module.vpc.aws_default_route_table.default",
            "module.security.module.vpc.aws_default_security_group.this",
            "module.security.module.vpc.aws_default_vpc.this",
            "module.security.module.vpc.aws_egress_only_internet_gateway.this",
            "module.security.module.vpc.aws_eip.nat",
            "module.security.module.vpc.aws_elasticache_subnet_group.elasticache",
            "module.security.module.vpc.aws_flow_log.this",
            "module.security.module.vpc.aws_iam_policy.vpc_flow_log_cloudwatch",
            "module.security.module.vpc.aws_iam_role.vpc_flow_log_cloudwatch",
            "module.security.module.vpc.aws_iam_role_policy_attachment.vpc_flow_log_cloudwatch",
            "module.security.module.vpc.aws_internet_gateway.this",
            "module.security.module.vpc.aws_nat_gateway.this",
            "module.security.module.vpc.aws_network_acl.database",
            "module.security.module.vpc.aws_network_acl.elasticache",
            "module.security.module.vpc.aws_network_acl.intra",
            "module.security.module.vpc.aws_network_acl.outpost",
            "module.security.module.vpc.aws_network_acl.private",
            "module.security.module.vpc.aws_network_acl.public",
            "module.security.module.vpc.aws_network_acl.redshift",
            "module.security.module.vpc.aws_network_acl_rule.database_inbound",
            "module.security.module.vpc.aws_network_acl_rule.database_outbound",
            "module.security.module.vpc.aws_network_acl_rule.elasticache_inbound",
            "module.security.module.vpc.aws_network_acl_rule.elasticache_outbound",
            "module.security.module.vpc.aws_network_acl_rule.intra_inbound",
            "module.security.module.vpc.aws_network_acl_rule.intra_outbound",
            "module.security.module.vpc.aws_network_acl_rule.outpost_inbound",
            "module.security.module.vpc.aws_network_acl_rule.outpost_outbound",
            "module.security.module.vpc.aws_network_acl_rule.private_inbound",
            "module.security.module.vpc.aws_network_acl_rule.private_outbound",
            "module.security.module.vpc.aws_network_acl_rule.public_inbound",
            "module.security.module.vpc.aws_network_acl_rule.public_outbound",
            "module.security.module.vpc.aws_network_acl_rule.redshift_inbound",
            "module.security.module.vpc.aws_network_acl_rule.redshift_outbound",
            "module.security.module.vpc.aws_redshift_subnet_group.redshift",
            "module.security.module.vpc.aws_route.database_dns64_nat_gateway",
            "module.security.module.vpc.aws_route.database_internet_gateway",
            "module.security.module.vpc.aws_route.database_ipv6_egress",
            "module.security.module.vpc.aws_route.database_nat_gateway",
            "module.security.module.vpc.aws_route.private_dns64_nat_gateway",
            "module.security.module.vpc.aws_route.private_ipv6_egress",
            "module.security.module.vpc.aws_route.private_nat_gateway",
            "module.security.module.vpc.aws_route.public_internet_gateway",
            "module.security.module.vpc.aws_route.public_internet_gateway_ipv6",
            "module.security.module.vpc.aws_route_table.database",
            "module.security.module.vpc.aws_route_table.elasticache",
            "module.security.module.vpc.aws_route_table.intra",
            "module.security.module.vpc.aws_route_table.private",
            "module.security.module.vpc.aws_route_table.public",
            "module.security.module.vpc.aws_route_table.redshift",
            "module.security.module.vpc.aws_route_table_association.database",
            "module.security.module.vpc.aws_route_table_association.elasticache",
            "module.security.module.vpc.aws_route_table_association.intra",
            "module.security.module.vpc.aws_route_table_association.outpost",
            "module.security.module.vpc.aws_route_table_association.private",
            "module.security.module.vpc.aws_route_table_association.public",
            "module.security.module.vpc.aws_route_table_association.redshift",
            "module.security.module.vpc.aws_route_table_association.redshift_public",
            "module.security.module.vpc.aws_subnet.database",
            "module.security.module.vpc.aws_subnet.elasticache",
            "module.security.module.vpc.aws_subnet.intra",
            "module.security.module.vpc.aws_subnet.outpost",
            "module.security.module.vpc.aws_subnet.private",
            "module.security.module.vpc.aws_subnet.public",
            "module.security.module.vpc.aws_subnet.redshift",
            "module.security.module.vpc.aws_vpc.this",
            "module.security.module.vpc.aws_vpc_block_public_access_exclusion.this",
            "module.security.module.vpc.aws_vpc_block_public_access_options.this",
            "module.security.module.vpc.aws_vpc_dhcp_options.this",
            "module.security.module.vpc.aws_vpc_dhcp_options_association.this",
            "module.security.module.vpc.aws_vpc_ipv4_cidr_block_association.this",
            "module.security.module.vpc.aws_vpn_gateway.this",
            "module.security.module.vpc.aws_vpn_gateway_attachment.this",
            "module.security.module.vpc.aws_vpn_gateway_route_propagation.intra",
            "module.security.module.vpc.aws_vpn_gateway_route_propagation.private",
            "module.security.module.vpc.aws_vpn_gateway_route_propagation.public",
            "module.security.module.vpc.data.aws_caller_identity.current",
            "module.security.module.vpc.data.aws_iam_policy_document.flow_log_cloudwatch_assume_role",
            "module.security.module.vpc.data.aws_iam_policy_document.vpc_flow_log_cloudwatch",
            "module.security.module.vpc.data.aws_partition.current",
            "module.security.module.vpc.data.aws_region.current",
            "module.security.module.vpc_endpoints.aws_security_group.this",
            "module.security.module.vpc_endpoints.data.aws_vpc_endpoint_service.this"
          ]
        },
        {
          "index_key": "logs",
          "schema_version": 0,
          "attributes": {
            "arn": "arn:aws:ec2:us-east-1:622623004059:vpc-endpoint/vpce-0c6fe3d02a0c39f64",
            "auto_accept": null,
            "cidr_blocks": [],
            "dns_entry": [
              {
                "dns_name": "vpce-0c6fe3d02a0c39f64-8r85z73n.logs.us-east-1.vpce.amazonaws.com",
                "hosted_zone_id": "Z7HUB22UULQXV"
              },
              {
                "dns_name": "vpce-0c6fe3d02a0c39f64-8r85z73n-us-east-1b.logs.us-east-1.vpce.amazonaws.com",
                "hosted_zone_id": "Z7HUB22UULQXV"
              },
              {
                "dns_name": "vpce-0c6fe3d02a0c39f64-8r85z73n-us-east-1a.logs.us-east-1.vpce.amazonaws.com",
                "hosted_zone_id": "Z7HUB22UULQXV"
              },
              {
                "dns_name": "logs.us-east-1.amazonaws.com",
                "hosted_zone_id": "Z04901692I4SCIB4MF9KV"
              },
              {
                "dns_name": "streaming-logs.us-east-1.amazonaws.com",
                "hosted_zone_id": "Z04907731BGYQT5R662YZ"
              },
              {
                "dns_name": "streaming-logs.us-east-1.api.aws",
                "hosted_zone_id": "Z04892732MQDH6X252815"
              },
              {
                "dns_name": "logs.us-east-1.api.aws",
                "hosted_zone_id": "Z02344203LTY04MZKSQ6H"
              }
            ],
            "dns_options": [
              {
                "dns_record_ip_type": "ipv4",
                "private_dns_only_for_inbound_resolver_endpoint": false,
                "private_dns_preference": "",
                "private_dns_specified_domains": []
              }
            ],
            "id": "vpce-0c6fe3d02a0c39f64",
            "ip_address_type": "ipv4",
            "network_interface_ids": [
              "eni-04b2a5e29b3de506b",
              "eni-0f6ab701b4c5ae1a4"
            ],
            "owner_id": "622623004059",
            "policy": "{\"Statement\":[{\"Action\":\"*\",\"Effect\":\"Allow\",\"Principal\":\"*\",\"Resource\":\"*\"}]}",
            "prefix_list_id": null,
            "private_dns_enabled": true,
            "region": "us-east-1",
            "requester_managed": false,
            "resource_configuration_arn": "",
            "route_table_ids": [],
            "security_group_ids": [
              "sg-0ff5830e5278e3268"
            ],
            "service_name": "com.amazonaws.us-east-1.logs",
            "service_network_arn": "",
            "service_region": "us-east-1",
            "state": "available",
            "subnet_configuration": [
              {
                "ipv4": "10.0.11.223",
                "ipv6": "",
                "subnet_id": "subnet-03d99f96f68a329e8"
              },
              {
                "ipv4": "10.0.12.224",
                "ipv6": "",
                "subnet_id": "subnet-00aafa9bf7b3c9e65"
              }
            ],
            "subnet_ids": [
              "subnet-00aafa9bf7b3c9e65",
              "subnet-03d99f96f68a329e8"
            ],
            "tags": {
              "Name": "logs"
            },
            "tags_all": {
              "Name": "logs"
            },
            "timeouts": {
              "create": "10m",
              "delete": "10m",
              "update": "10m"
            },
            "vpc_endpoint_type": "Interface",
            "vpc_id": "vpc-0f6682535067d2e74"
          },
          "sensitive_attributes": [],
          "identity_schema_version": 0,
          "identity": {
            "account_id": "622623004059",
            "id": "vpce-0c6fe3d02a0c39f64",
            "region": "us-east-1"
          },
          "private": "eyJlMmJmYjczMC1lY2FhLTExZTYtOGY4OC0zNDM2M2JjN2M0YzAiOnsiY3JlYXRlIjo2MDAwMDAwMDAwMDAsImRlbGV0ZSI6NjAwMDAwMDAwMDAwLCJ1cGRhdGUiOjYwMDAwMDAwMDAwMH19",
          "dependencies": [
            "module.security.aws_security_group.alb_sg",
            "module.security.aws_security_group.app_sg",
            "module.security.aws_security_group.vpc_endpoints_sg",
            "module.security.data.aws_availability_zones.available",
            "module.security.module.vpc.aws_cloudwatch_log_group.flow_log",
            "module.security.module.vpc.aws_customer_gateway.this",
            "module.security.module.vpc.aws_db_subnet_group.database",
            "module.security.module.vpc.aws_default_network_acl.this",
            "module.security.module.vpc.aws_default_route_table.default",
            "module.security.module.vpc.aws_default_security_group.this",
            "module.security.module.vpc.aws_default_vpc.this",
            "module.security.module.vpc.aws_egress_only_internet_gateway.this",
            "module.security.module.vpc.aws_eip.nat",
            "module.security.module.vpc.aws_elasticache_subnet_group.elasticache",
            "module.security.module.vpc.aws_flow_log.this",
            "module.security.module.vpc.aws_iam_policy.vpc_flow_log_cloudwatch",
            "module.security.module.vpc.aws_iam_role.vpc_flow_log_cloudwatch",
            "module.security.module.vpc.aws_iam_role_policy_attachment.vpc_flow_log_cloudwatch",
            "module.security.module.vpc.aws_internet_gateway.this",
            "module.security.module.vpc.aws_nat_gateway.this",
            "module.security.module.vpc.aws_network_acl.database",
            "module.security.module.vpc.aws_network_acl.elasticache",
            "module.security.module.vpc.aws_network_acl.intra",
            "module.security.module.vpc.aws_network_acl.outpost",
            "module.security.module.vpc.aws_network_acl.private",
            "module.security.module.vpc.aws_network_acl.public",
            "module.security.module.vpc.aws_network_acl.redshift",
            "module.security.module.vpc.aws_network_acl_rule.database_inbound",
            "module.security.module.vpc.aws_network_acl_rule.database_outbound",
            "module.security.module.vpc.aws_network_acl_rule.elasticache_inbound",
            "module.security.module.vpc.aws_network_acl_rule.elasticache_outbound",
            "module.security.module.vpc.aws_network_acl_rule.intra_inbound",
            "module.security.module.vpc.aws_network_acl_rule.intra_outbound",
            "module.security.module.vpc.aws_network_acl_rule.outpost_inbound",
            "module.security.module.vpc.aws_network_acl_rule.outpost_outbound",
            "module.security.module.vpc.aws_network_acl_rule.private_inbound",
            "module.security.module.vpc.aws_network_acl_rule.private_outbound",
            "module.security.module.vpc.aws_network_acl_rule.public_inbound",
            "module.security.module.vpc.aws_network_acl_rule.public_outbound",
            "module.security.module.vpc.aws_network_acl_rule.redshift_inbound",
            "module.security.module.vpc.aws_network_acl_rule.redshift_outbound",
            "module.security.module.vpc.aws_redshift_subnet_group.redshift",
            "module.security.module.vpc.aws_route.database_dns64_nat_gateway",
            "module.security.module.vpc.aws_route.database_internet_gateway",
            "module.security.module.vpc.aws_route.database_ipv6_egress",
            "module.security.module.vpc.aws_route.database_nat_gateway",
            "module.security.module.vpc.aws_route.private_dns64_nat_gateway",
            "module.security.module.vpc.aws_route.private_ipv6_egress",
            "module.security.module.vpc.aws_route.private_nat_gateway",
            "module.security.module.vpc.aws_route.public_internet_gateway",
            "module.security.module.vpc.aws_route.public_internet_gateway_ipv6",
            "module.security.module.vpc.aws_route_table.database",
            "module.security.module.vpc.aws_route_table.elasticache",
            "module.security.module.vpc.aws_route_table.intra",
            "module.security.module.vpc.aws_route_table.private",
            "module.security.module.vpc.aws_route_table.public",
            "module.security.module.vpc.aws_route_table.redshift",
            "module.security.module.vpc.aws_route_table_association.database",
            "module.security.module.vpc.aws_route_table_association.elasticache",
            "module.security.module.vpc.aws_route_table_association.intra",
            "module.security.module.vpc.aws_route_table_association.outpost",
            "module.security.module.vpc.aws_route_table_association.private",
            "module.security.module.vpc.aws_route_table_association.public",
            "module.security.module.vpc.aws_route_table_association.redshift",
            "module.security.module.vpc.aws_route_table_association.redshift_public",
            "module.security.module.vpc.aws_subnet.database",
            "module.security.module.vpc.aws_subnet.elasticache",
            "module.security.module.vpc.aws_subnet.intra",
            "module.security.module.vpc.aws_subnet.outpost",
            "module.security.module.vpc.aws_subnet.private",
            "module.security.module.vpc.aws_subnet.public",
            "module.security.module.vpc.aws_subnet.redshift",
            "module.security.module.vpc.aws_vpc.this",
            "module.security.module.vpc.aws_vpc_block_public_access_exclusion.this",
            "module.security.module.vpc.aws_vpc_block_public_access_options.this",
            "module.security.module.vpc.aws_vpc_dhcp_options.this",
            "module.security.module.vpc.aws_vpc_dhcp_options_association.this",
            "module.security.module.vpc.aws_vpc_ipv4_cidr_block_association.this",
            "module.security.module.vpc.aws_vpn_gateway.this",
            "module.security.module.vpc.aws_vpn_gateway_attachment.this",
            "module.security.module.vpc.aws_vpn_gateway_route_propagation.intra",
            "module.security.module.vpc.aws_vpn_gateway_route_propagation.private",
            "module.security.module.vpc.aws_vpn_gateway_route_propagation.public",
            "module.security.module.vpc.data.aws_caller_identity.current",
            "module.security.module.vpc.data.aws_iam_policy_document.flow_log_cloudwatch_assume_role",
            "module.security.module.vpc.data.aws_iam_policy_document.vpc_flow_log_cloudwatch",
            "module.security.module.vpc.data.aws_partition.current",
            "module.security.module.vpc.data.aws_region.current",
            "module.security.module.vpc_endpoints.aws_security_group.this",
            "module.security.module.vpc_endpoints.data.aws_vpc_endpoint_service.this"
          ]
        },
        {
          "index_key": "secretsmanager",
          "schema_version": 0,
          "attributes": {
            "arn": "arn:aws:ec2:us-east-1:622623004059:vpc-endpoint/vpce-072276f02b1a81347",
            "auto_accept": null,
            "cidr_blocks": [],
            "dns_entry": [
              {
                "dns_name": "vpce-072276f02b1a81347-6rap9ght.secretsmanager.us-east-1.vpce.amazonaws.com",
                "hosted_zone_id": "Z7HUB22UULQXV"
              },
              {
                "dns_name": "vpce-072276f02b1a81347-6rap9ght-us-east-1b.secretsmanager.us-east-1.vpce.amazonaws.com",
                "hosted_zone_id": "Z7HUB22UULQXV"
              },
              {
                "dns_name": "vpce-072276f02b1a81347-6rap9ght-us-east-1a.secretsmanager.us-east-1.vpce.amazonaws.com",
                "hosted_zone_id": "Z7HUB22UULQXV"
              },
              {
                "dns_name": "secretsmanager.us-east-1.amazonaws.com",
                "hosted_zone_id": "Z04901471W37W60PNRPQU"
              }
            ],
            "dns_options": [
              {
                "dns_record_ip_type": "ipv4",
                "private_dns_only_for_inbound_resolver_endpoint": false,
                "private_dns_preference": "",
                "private_dns_specified_domains": []
              }
            ],
            "id": "vpce-072276f02b1a81347",
            "ip_address_type": "ipv4",
            "network_interface_ids": [
              "eni-08163cc51b2b30522",
              "eni-0a38444dc67c255bd"
            ],
            "owner_id": "622623004059",
            "policy": "{\"Statement\":[{\"Action\":\"*\",\"Effect\":\"Allow\",\"Principal\":\"*\",\"Resource\":\"*\"}]}",
            "prefix_list_id": null,
            "private_dns_enabled": true,
            "region": "us-east-1",
            "requester_managed": false,
            "resource_configuration_arn": "",
            "route_table_ids": [],
            "security_group_ids": [
              "sg-0ff5830e5278e3268"
            ],
            "service_name": "com.amazonaws.us-east-1.secretsmanager",
            "service_network_arn": "",
            "service_region": "us-east-1",
            "state": "available",
            "subnet_configuration": [
              {
                "ipv4": "10.0.11.42",
                "ipv6": "",
                "subnet_id": "subnet-03d99f96f68a329e8"
              },
              {
                "ipv4": "10.0.12.225",
                "ipv6": "",
                "subnet_id": "subnet-00aafa9bf7b3c9e65"
              }
            ],
            "subnet_ids": [
              "subnet-00aafa9bf7b3c9e65",
              "subnet-03d99f96f68a329e8"
            ],
            "tags": {
              "Name": "secretsmanager"
            },
            "tags_all": {
              "Name": "secretsmanager"
            },
            "timeouts": {
              "create": "10m",
              "delete": "10m",
              "update": "10m"
            },
            "vpc_endpoint_type": "Interface",
            "vpc_id": "vpc-0f6682535067d2e74"
          },
          "sensitive_attributes": [],
          "identity_schema_version": 0,
          "identity": {
            "account_id": "622623004059",
            "id": "vpce-072276f02b1a81347",
            "region": "us-east-1"
          },
          "private": "eyJlMmJmYjczMC1lY2FhLTExZTYtOGY4OC0zNDM2M2JjN2M0YzAiOnsiY3JlYXRlIjo2MDAwMDAwMDAwMDAsImRlbGV0ZSI6NjAwMDAwMDAwMDAwLCJ1cGRhdGUiOjYwMDAwMDAwMDAwMH19",
          "dependencies": [
            "module.security.aws_security_group.alb_sg",
            "module.security.aws_security_group.app_sg",
            "module.security.aws_security_group.vpc_endpoints_sg",
            "module.security.data.aws_availability_zones.available",
            "module.security.module.vpc.aws_cloudwatch_log_group.flow_log",
            "module.security.module.vpc.aws_customer_gateway.this",
            "module.security.module.vpc.aws_db_subnet_group.database",
            "module.security.module.vpc.aws_default_network_acl.this",
            "module.security.module.vpc.aws_default_route_table.default",
            "module.security.module.vpc.aws_default_security_group.this",
            "module.security.module.vpc.aws_default_vpc.this",
            "module.security.module.vpc.aws_egress_only_internet_gateway.this",
            "module.security.module.vpc.aws_eip.nat",
            "module.security.module.vpc.aws_elasticache_subnet_group.elasticache",
            "module.security.module.vpc.aws_flow_log.this",
            "module.security.module.vpc.aws_iam_policy.vpc_flow_log_cloudwatch",
            "module.security.module.vpc.aws_iam_role.vpc_flow_log_cloudwatch",
            "module.security.module.vpc.aws_iam_role_policy_attachment.vpc_flow_log_cloudwatch",
            "module.security.module.vpc.aws_internet_gateway.this",
            "module.security.module.vpc.aws_nat_gateway.this",
            "module.security.module.vpc.aws_network_acl.database",
            "module.security.module.vpc.aws_network_acl.elasticache",
            "module.security.module.vpc.aws_network_acl.intra",
            "module.security.module.vpc.aws_network_acl.outpost",
            "module.security.module.vpc.aws_network_acl.private",
            "module.security.module.vpc.aws_network_acl.public",
            "module.security.module.vpc.aws_network_acl.redshift",
            "module.security.module.vpc.aws_network_acl_rule.database_inbound",
            "module.security.module.vpc.aws_network_acl_rule.database_outbound",
            "module.security.module.vpc.aws_network_acl_rule.elasticache_inbound",
            "module.security.module.vpc.aws_network_acl_rule.elasticache_outbound",
            "module.security.module.vpc.aws_network_acl_rule.intra_inbound",
            "module.security.module.vpc.aws_network_acl_rule.intra_outbound",
            "module.security.module.vpc.aws_network_acl_rule.outpost_inbound",
            "module.security.module.vpc.aws_network_acl_rule.outpost_outbound",
            "module.security.module.vpc.aws_network_acl_rule.private_inbound",
            "module.security.module.vpc.aws_network_acl_rule.private_outbound",
            "module.security.module.vpc.aws_network_acl_rule.public_inbound",
            "module.security.module.vpc.aws_network_acl_rule.public_outbound",
            "module.security.module.vpc.aws_network_acl_rule.redshift_inbound",
            "module.security.module.vpc.aws_network_acl_rule.redshift_outbound",
            "module.security.module.vpc.aws_redshift_subnet_group.redshift",
            "module.security.module.vpc.aws_route.database_dns64_nat_gateway",
            "module.security.module.vpc.aws_route.database_internet_gateway",
            "module.security.module.vpc.aws_route.database_ipv6_egress",
            "module.security.module.vpc.aws_route.database_nat_gateway",
            "module.security.module.vpc.aws_route.private_dns64_nat_gateway",
            "module.security.module.vpc.aws_route.private_ipv6_egress",
            "module.security.module.vpc.aws_route.private_nat_gateway",
            "module.security.module.vpc.aws_route.public_internet_gateway",
            "module.security.module.vpc.aws_route.public_internet_gateway_ipv6",
            "module.security.module.vpc.aws_route_table.database",
            "module.security.module.vpc.aws_route_table.elasticache",
            "module.security.module.vpc.aws_route_table.intra",
            "module.security.module.vpc.aws_route_table.private",
            "module.security.module.vpc.aws_route_table.public",
            "module.security.module.vpc.aws_route_table.redshift",
            "module.security.module.vpc.aws_route_table_association.database",
            "module.security.module.vpc.aws_route_table_association.elasticache",
            "module.security.module.vpc.aws_route_table_association.intra",
            "module.security.module.vpc.aws_route_table_association.outpost",
            "module.security.module.vpc.aws_route_table_association.private",
            "module.security.module.vpc.aws_route_table_association.public",
            "module.security.module.vpc.aws_route_table_association.redshift",
            "module.security.module.vpc.aws_route_table_association.redshift_public",
            "module.security.module.vpc.aws_subnet.database",
            "module.security.module.vpc.aws_subnet.elasticache",
            "module.security.module.vpc.aws_subnet.intra",
            "module.security.module.vpc.aws_subnet.outpost",
            "module.security.module.vpc.aws_subnet.private",
            "module.security.module.vpc.aws_subnet.public",
            "module.security.module.vpc.aws_subnet.redshift",
            "module.security.module.vpc.aws_vpc.this",
            "module.security.module.vpc.aws_vpc_block_public_access_exclusion.this",
            "module.security.module.vpc.aws_vpc_block_public_access_options.this",
            "module.security.module.vpc.aws_vpc_dhcp_options.this",
            "module.security.module.vpc.aws_vpc_dhcp_options_association.this",
            "module.security.module.vpc.aws_vpc_ipv4_cidr_block_association.this",
            "module.security.module.vpc.aws_vpn_gateway.this",
            "module.security.module.vpc.aws_vpn_gateway_attachment.this",
            "module.security.module.vpc.aws_vpn_gateway_route_propagation.intra",
            "module.security.module.vpc.aws_vpn_gateway_route_propagation.private",
            "module.security.module.vpc.aws_vpn_gateway_route_propagation.public",
            "module.security.module.vpc.data.aws_caller_identity.current",
            "module.security.module.vpc.data.aws_iam_policy_document.flow_log_cloudwatch_assume_role",
            "module.security.module.vpc.data.aws_iam_policy_document.vpc_flow_log_cloudwatch",
            "module.security.module.vpc.data.aws_partition.current",
            "module.security.module.vpc.data.aws_region.current",
            "module.security.module.vpc_endpoints.aws_security_group.this",
            "module.security.module.vpc_endpoints.data.aws_vpc_endpoint_service.this"
          ]
        }
      ]
    }
  ],
  "check_results": null
}
